Microsoft Visual Studio Solution File, Format Version 12.00
# 
Project("{2150E333-8FDC-42A3-9474-1A3956D46DE8}") = "Solution Items", "Solution Items", "{B283EBC2-E01F-412D-9339-FD56EF114549}"
	ProjectSection(SolutionItems) = preProject
		..\Directory.Build.props = ..\Directory.Build.props
		..\..\..\Directory.Build.targets = ..\..\..\Directory.Build.targets
		..\..\..\global.json = ..\..\..\global.json
		..\..\..\..\..\Packages\Versions.Local.props = ..\..\..\..\..\Packages\Versions.Local.props
	EndProjectSection
EndProject
Project("{FAE04EC0-301F-11D3-BF4B-00C04F79EFBC}") = "Telegram.UserBot.Models", "..\Models\Telegram.UserBot.Models.csproj", "{B1C7D4CB-5DA3-42C9-993A-D0A14841A875}"
EndProject
Project("{FAE04EC0-301F-11D3-BF4B-00C04F79EFBC}") = "Telegram.UserBot.Store.Abstractions", "..\Store.Abstractions\Telegram.UserBot.Store.Abstractions.csproj", "{C30828DF-A0BB-4C91-B61F-A75CA84E9AE0}"
EndProject
Project("{FAE04EC0-301F-11D3-BF4B-00C04F79EFBC}") = "Telegram.UserBot.Store.Memory", "Telegram.UserBot.Store.Memory.csproj", "{2B99C7B2-09BF-4A40-8636-24AED899EF74}"
EndProject
Global
	GlobalSection(SolutionConfigurationPlatforms) = preSolution
		Local|Any CPU = Local|Any CPU
		Debug|Any CPU = Debug|Any CPU
		Testing|Any CPU = Testing|Any CPU
		Staging|Any CPU = Staging|Any CPU
		Production|Any CPU = Production|Any CPU
		Release|Any CPU = Release|Any CPU
	EndGlobalSection
	GlobalSection(ProjectConfigurationPlatforms) = postSolution
		{B1C7D4CB-5DA3-42C9-993A-D0A14841A875}.Local|Any CPU.ActiveCfg = Local|Any CPU
		{B1C7D4CB-5DA3-42C9-993A-D0A14841A875}.Local|Any CPU.Build.0 = Local|Any CPU
		{B1C7D4CB-5DA3-42C9-993A-D0A14841A875}.Debug|Any CPU.ActiveCfg = Debug|Any CPU
		{B1C7D4CB-5DA3-42C9-993A-D0A14841A875}.Debug|Any CPU.Build.0 = Debug|Any CPU
		{B1C7D4CB-5DA3-42C9-993A-D0A14841A875}.Testing|Any CPU.ActiveCfg = Testing|Any CPU
		{B1C7D4CB-5DA3-42C9-993A-D0A14841A875}.Testing|Any CPU.Build.0 = Testing|Any CPU
		{B1C7D4CB-5DA3-42C9-993A-D0A14841A875}.Staging|Any CPU.ActiveCfg = Staging|Any CPU
		{B1C7D4CB-5DA3-42C9-993A-D0A14841A875}.Staging|Any CPU.Build.0 = Staging|Any CPU
		{B1C7D4CB-5DA3-42C9-993A-D0A14841A875}.Production|Any CPU.ActiveCfg = Local|Any CPU
		{B1C7D4CB-5DA3-42C9-993A-D0A14841A875}.Production|Any CPU.Build.0 = Local|Any CPU
		{B1C7D4CB-5DA3-42C9-993A-D0A14841A875}.Release|Any CPU.ActiveCfg = Release|Any CPU
		{B1C7D4CB-5DA3-42C9-993A-D0A14841A875}.Release|Any CPU.Build.0 = Release|Any CPU
		{C30828DF-A0BB-4C91-B61F-A75CA84E9AE0}.Local|Any CPU.ActiveCfg = Local|Any CPU
		{C30828DF-A0BB-4C91-B61F-A75CA84E9AE0}.Local|Any CPU.Build.0 = Local|Any CPU
		{C30828DF-A0BB-4C91-B61F-A75CA84E9AE0}.Debug|Any CPU.ActiveCfg = Debug|Any CPU
		{C30828DF-A0BB-4C91-B61F-A75CA84E9AE0}.Debug|Any CPU.Build.0 = Debug|Any CPU
		{C30828DF-A0BB-4C91-B61F-A75CA84E9AE0}.Testing|Any CPU.ActiveCfg = Testing|Any CPU
		{C30828DF-A0BB-4C91-B61F-A75CA84E9AE0}.Testing|Any CPU.Build.0 = Testing|Any CPU
		{C30828DF-A0BB-4C91-B61F-A75CA84E9AE0}.Staging|Any CPU.ActiveCfg = Staging|Any CPU
		{C30828DF-A0BB-4C91-B61F-A75CA84E9AE0}.Staging|Any CPU.Build.0 = Staging|Any CPU
		{C30828DF-A0BB-4C91-B61F-A75CA84E9AE0}.Production|Any CPU.ActiveCfg = Local|Any CPU
		{C30828DF-A0BB-4C91-B61F-A75CA84E9AE0}.Production|Any CPU.Build.0 = Local|Any CPU
		{C30828DF-A0BB-4C91-B61F-A75CA84E9AE0}.Release|Any CPU.ActiveCfg = Release|Any CPU
		{C30828DF-A0BB-4C91-B61F-A75CA84E9AE0}.Release|Any CPU.Build.0 = Release|Any CPU
		{2B99C7B2-09BF-4A40-8636-24AED899EF74}.Local|Any CPU.ActiveCfg = Local|Any CPU
		{2B99C7B2-09BF-4A40-8636-24AED899EF74}.Local|Any CPU.Build.0 = Local|Any CPU
		{2B99C7B2-09BF-4A40-8636-24AED899EF74}.Debug|Any CPU.ActiveCfg = Debug|Any CPU
		{2B99C7B2-09BF-4A40-8636-24AED899EF74}.Debug|Any CPU.Build.0 = Debug|Any CPU
		{2B99C7B2-09BF-4A40-8636-24AED899EF74}.Testing|Any CPU.ActiveCfg = Testing|Any CPU
		{2B99C7B2-09BF-4A40-8636-24AED899EF74}.Testing|Any CPU.Build.0 = Testing|Any CPU
		{2B99C7B2-09BF-4A40-8636-24AED899EF74}.Staging|Any CPU.ActiveCfg = Staging|Any CPU
		{2B99C7B2-09BF-4A40-8636-24AED899EF74}.Staging|Any CPU.Build.0 = Staging|Any CPU
		{2B99C7B2-09BF-4A40-8636-24AED899EF74}.Production|Any CPU.ActiveCfg = Local|Any CPU
		{2B99C7B2-09BF-4A40-8636-24AED899EF74}.Production|Any CPU.Build.0 = Local|Any CPU
		{2B99C7B2-09BF-4A40-8636-24AED899EF74}.Release|Any CPU.ActiveCfg = Release|Any CPU
		{2B99C7B2-09BF-4A40-8636-24AED899EF74}.Release|Any CPU.Build.0 = Release|Any CPU
	EndGlobalSection
	GlobalSection(SolutionProperties) = preSolution
		HideSolutionNode = FALSE
	EndGlobalSection
	GlobalSection(ExtensibilityGlobals) = postSolution
		SolutionGuid = {9AC008CD-E8A9-4C66-AFAF-1D6205DEC1A1}
	EndGlobalSection
EndGlobal
