Microsoft Visual Studio Solution File, Format Version 12.00
Project("{9A19103F-16F7-4668-BE54-9A1E7A4F7556}") = "EnumSerializer.Generator", "src\Telegram.Bot\src\EnumSerializer.Generator\EnumSerializer.Generator.csproj", "{75920BA5-9FAB-407C-89A7-CAA70ED90327}"
EndProject
Project("{9A19103F-16F7-4668-BE54-9A1E7A4F7556}") = "Telegram.Bot", "src\Telegram.Bot\src\Telegram.Bot\Telegram.Bot.csproj", "{B4BA2CC6-CD46-4C07-80A7-5E392E7687D0}"
EndProject
Project("{2150E333-8FDC-42A3-9474-1A3956D46DE8}") = "src", "src", "{27EA3AED-5E3D-48CB-8136-B1B9FFAB9146}"
EndProject
Global
	GlobalSection(SolutionConfigurationPlatforms) = preSolution
		Debug|Any CPU = Debug|Any CPU
		Release|Any CPU = Release|Any CPU
		Local|Any CPU = Local|Any CPU
		Staging|Any CPU = Staging|Any CPU
		Testing|Any CPU = Testing|Any CPU
	EndGlobalSection
	GlobalSection(ProjectConfigurationPlatforms) = postSolution
		{75920BA5-9FAB-407C-89A7-CAA70ED90327}.Debug|Any CPU.ActiveCfg = Debug|Any CPU
		{75920BA5-9FAB-407C-89A7-CAA70ED90327}.Debug|Any CPU.Build.0 = Debug|Any CPU
		{75920BA5-9FAB-407C-89A7-CAA70ED90327}.Release|Any CPU.ActiveCfg = Release|Any CPU
		{75920BA5-9FAB-407C-89A7-CAA70ED90327}.Release|Any CPU.Build.0 = Release|Any CPU
		{75920BA5-9FAB-407C-89A7-CAA70ED90327}.Local|Any CPU.ActiveCfg = Debug|Any CPU
		{75920BA5-9FAB-407C-89A7-CAA70ED90327}.Staging|Any CPU.ActiveCfg = Debug|Any CPU
		{75920BA5-9FAB-407C-89A7-CAA70ED90327}.Testing|Any CPU.ActiveCfg = Debug|Any CPU
		{B4BA2CC6-CD46-4C07-80A7-5E392E7687D0}.Debug|Any CPU.ActiveCfg = Debug|Any CPU
		{B4BA2CC6-CD46-4C07-80A7-5E392E7687D0}.Debug|Any CPU.Build.0 = Debug|Any CPU
		{B4BA2CC6-CD46-4C07-80A7-5E392E7687D0}.Release|Any CPU.ActiveCfg = Release|Any CPU
		{B4BA2CC6-CD46-4C07-80A7-5E392E7687D0}.Release|Any CPU.Build.0 = Release|Any CPU
		{B4BA2CC6-CD46-4C07-80A7-5E392E7687D0}.Local|Any CPU.ActiveCfg = Local|Any CPU
		{B4BA2CC6-CD46-4C07-80A7-5E392E7687D0}.Local|Any CPU.Build.0 = Local|Any CPU
		{B4BA2CC6-CD46-4C07-80A7-5E392E7687D0}.Staging|Any CPU.ActiveCfg = Staging|Any CPU
		{B4BA2CC6-CD46-4C07-80A7-5E392E7687D0}.Staging|Any CPU.Build.0 = Staging|Any CPU
		{B4BA2CC6-CD46-4C07-80A7-5E392E7687D0}.Testing|Any CPU.ActiveCfg = Testing|Any CPU
		{B4BA2CC6-CD46-4C07-80A7-5E392E7687D0}.Testing|Any CPU.Build.0 = Testing|Any CPU
	EndGlobalSection
	GlobalSection(SolutionProperties) = preSolution
		HideSolutionNode = FALSE
	EndGlobalSection
	GlobalSection(NestedProjects) = preSolution
		{B4BA2CC6-CD46-4C07-80A7-5E392E7687D0} = {27EA3AED-5E3D-48CB-8136-B1B9FFAB9146}
	EndGlobalSection
	GlobalSection(ExtensibilityGlobals) = postSolution
		SolutionGuid = {0C33B4AB-EA99-4ECD-9281-450798822402}
	EndGlobalSection
EndGlobal
