Microsoft Visual Studio Solution File, Format Version 12.00
# 
Project("{2150E333-8FDC-42A3-9474-1A3956D46DE8}") = "Solution Items", "Solution Items", "{B283EBC2-E01F-412D-9339-FD56EF114549}"
	ProjectSection(SolutionItems) = preProject
		..\..\Packages\Versions.props = ..\..\Packages\Versions.props
		..\..\Packages\Versions.Local.json = ..\..\Packages\Versions.Local.json
		..\..\Packages\Versions.Local.props = ..\..\Packages\Versions.Local.props
		..\..\Packages\Packages.pkgs = ..\..\Packages\Packages.pkgs
		..\..\Packages\Packages\AnyOf.pkgs = ..\..\Packages\Packages\AnyOf.pkgs
		..\..\Packages\Packages\APIVersioning.pkgs = ..\..\Packages\Packages\APIVersioning.pkgs
		..\..\Packages\Packages\AutoMapper.pkgs = ..\..\Packages\Packages\AutoMapper.pkgs
		..\..\Packages\Packages\Azure.pkgs = ..\..\Packages\Packages\Azure.pkgs
		..\..\Packages\Packages\AzureFunctions.pkgs = ..\..\Packages\Packages\AzureFunctions.pkgs
		..\..\Packages\Packages\DDD.pkgs = ..\..\Packages\Packages\DDD.pkgs
		..\..\Packages\Packages\GlobalBuild.pkgs = ..\..\Packages\Packages\GlobalBuild.pkgs
		..\..\Packages\Packages\GlobalCodeGenerators.pkgs = ..\..\Packages\Packages\GlobalCodeGenerators.pkgs
		..\..\Packages\Packages\Images.pkgs = ..\..\Packages\Packages\Images.pkgs
		..\..\Packages\Packages\McMaster.CommandLineUtils.pkgs = ..\..\Packages\Packages\McMaster.CommandLineUtils.pkgs
		..\..\Packages\Packages\MediatR.pkgs = ..\..\Packages\Packages\MediatR.pkgs
		..\..\Packages\Packages\Microsoft.AspNetCore.pkgs = ..\..\Packages\Packages\Microsoft.AspNetCore.pkgs
		..\..\Packages\Packages\Microsoft.EntityFrameworkCore.pkgs = ..\..\Packages\Packages\Microsoft.EntityFrameworkCore.pkgs
		..\..\Packages\Packages\Microsoft.Extensions.pkgs = ..\..\Packages\Packages\Microsoft.Extensions.pkgs
		..\..\Packages\Packages\Microsoft.Identity.pkgs = ..\..\Packages\Packages\Microsoft.Identity.pkgs
		..\..\Packages\Packages\Microsoft.VisualStudio.Shell.Interop.pkgs = ..\..\Packages\Packages\Microsoft.VisualStudio.Shell.Interop.pkgs
		..\..\Packages\Packages\Miscellany.pkgs = ..\..\Packages\Packages\Miscellany.pkgs
		..\..\Packages\Packages\MSBuild.pkgs = ..\..\Packages\Packages\MSBuild.pkgs
		..\..\Packages\Packages\MSBuildProjectCreator.pkgs = ..\..\Packages\Packages\MSBuildProjectCreator.pkgs
		..\..\Packages\Packages\MSBuildSdks.pkgs = ..\..\Packages\Packages\MSBuildSdks.pkgs
		..\..\Packages\Packages\Newtonsoft.Json.pkgs = ..\..\Packages\Packages\Newtonsoft.Json.pkgs
		..\..\Packages\Packages\NuGet.pkgs = ..\..\Packages\Packages\NuGet.pkgs
		..\..\Packages\Packages\Powershell.pkgs = ..\..\Packages\Packages\Powershell.pkgs
		..\..\Packages\Packages\Roslyn.pkgs = ..\..\Packages\Packages\Roslyn.pkgs
		..\..\Packages\Packages\Serilog.pkgs = ..\..\Packages\Packages\Serilog.pkgs
		..\..\Packages\Packages\SlnGen.pkgs = ..\..\Packages\Packages\SlnGen.pkgs
		..\..\Packages\Packages\Swashbuckle.pkgs = ..\..\Packages\Packages\Swashbuckle.pkgs
		..\..\Packages\Packages\System.pkgs = ..\..\Packages\Packages\System.pkgs
		..\..\Packages\Packages\Telegram.pkgs = ..\..\Packages\Packages\Telegram.pkgs
		..\..\Packages\Packages\Testing.EfCore.pkgs = ..\..\Packages\Packages\Testing.EfCore.pkgs
		..\..\Packages\Packages\Testing.pkgs = ..\..\Packages\Packages\Testing.pkgs
		..\..\Packages\Packages\Validation.pkgs = ..\..\Packages\Packages\Validation.pkgs
		..\..\Packages\Packages\XmlDocMd.pkgs = ..\..\Packages\Packages\XmlDocMd.pkgs
		..\..\Packages\Versions\AspNetCoreIdentity.props = ..\..\Packages\Versions\AspNetCoreIdentity.props
		..\..\Packages\Versions\AutoMapper.props = ..\..\Packages\Versions\AutoMapper.props
		..\..\Packages\Versions\CoreIntegratedLibs.props = ..\..\Packages\Versions\CoreIntegratedLibs.props
		..\..\Packages\Versions\EFCore.props = ..\..\Packages\Versions\EFCore.props
		..\..\Packages\Versions\JsonPatch.props = ..\..\Packages\Versions\JsonPatch.props
		..\..\Packages\Versions\MediatR.props = ..\..\Packages\Versions\MediatR.props
		..\..\Packages\Versions\Microsoft.Build.props = ..\..\Packages\Versions\Microsoft.Build.props
		..\..\Packages\Versions\Microsoft.CodeAnalysis.props = ..\..\Packages\Versions\Microsoft.CodeAnalysis.props
		..\..\Packages\Versions\Microsoft.Extensions.Logging.props = ..\..\Packages\Versions\Microsoft.Extensions.Logging.props
		..\..\Packages\Versions\PowerShell.props = ..\..\Packages\Versions\PowerShell.props
	EndProjectSection
EndProject
Project("{FAE04EC0-301F-11D3-BF4B-00C04F79EFBC}") = "EnumSerializer.Generator", "lib\Telegram.Bot\src\EnumSerializer.Generator\EnumSerializer.Generator.csproj", "{379BCB81-8299-4B14-B3D7-DC00F207E66E}"
EndProject
Project("{FAE04EC0-301F-11D3-BF4B-00C04F79EFBC}") = "Telegram.Bot", "lib\Telegram.Bot\src\Telegram.Bot\Telegram.Bot.csproj", "{39866966-BB62-439F-ADD8-C1B411FFE99A}"
EndProject
Project("{2150E333-8FDC-42A3-9474-1A3956D46DE8}") = "EnumSerializer.Generator", "lib\Telegram.Bot\src\EnumSerializer.Generator", "{365D8EBD-A1F0-49FF-9A4F-2A269351D617}"
EndProject
Project("{2150E333-8FDC-42A3-9474-1A3956D46DE8}") = "Telegram.Bot", "lib\Telegram.Bot\src\Telegram.Bot", "{3FBD2C8D-E965-4694-9282-D9B704055D0B}"
EndProject
Project("{2150E333-8FDC-42A3-9474-1A3956D46DE8}") = "src", "lib\Telegram.Bot\src", "{ED935C4B-982D-4F10-8BF7-BE68062418E7}"
EndProject
Project("{2150E333-8FDC-42A3-9474-1A3956D46DE8}") = "src", "src", "{DA694CE7-B907-43BC-B1BA-373EE833C6D8}"
EndProject
Project("{FAE04EC0-301F-11D3-BF4B-00C04F79EFBC}") = "Telegram.Bot.Extensions", "src\Bot.Extensions\Telegram.Bot.Extensions.csproj", "{A71C39F5-6629-4DCB-B49E-11C98E908AB4}"
EndProject
Project("{FAE04EC0-301F-11D3-BF4B-00C04F79EFBC}") = "Telegram.Constants", "src\Constants\Telegram.Constants.csproj", "{101B09F1-0346-4000-BBC0-85282792D851}"
EndProject
Project("{FAE04EC0-301F-11D3-BF4B-00C04F79EFBC}") = "Telegram.JsonConverters", "src\Converters\Telegram.JsonConverters.csproj", "{713320AE-DB62-4639-B443-27ADE7D42BCA}"
EndProject
Project("{FAE04EC0-301F-11D3-BF4B-00C04F79EFBC}") = "Telegram.Bots.EntityFrameworkCore", "src\EntityFrameworkCore\Telegram.Bots.EntityFrameworkCore.csproj", "{BB42A158-5164-4337-80A5-AC030296E6D9}"
EndProject
Project("{FAE04EC0-301F-11D3-BF4B-00C04F79EFBC}") = "Telegram.Identity", "src\Identity\Telegram.Identity.csproj", "{FE1174EC-D295-4E35-BDA7-8A3E1133E591}"
EndProject
Project("{FAE04EC0-301F-11D3-BF4B-00C04F79EFBC}") = "Telegram.Identity.WidgetLogin", "src\Identity.WidgetLogin\Telegram.Identity.WidgetLogin.csproj", "{5CDED58C-AB4B-48FF-B3A0-DFAC57290B74}"
EndProject
Project("{2150E333-8FDC-42A3-9474-1A3956D46DE8}") = "UserBot", "UserBot", "{44053AD7-6007-4508-9B72-285175C8DA5C}"
EndProject
Project("{FAE04EC0-301F-11D3-BF4B-00C04F79EFBC}") = "Telegram.UserBot.Config", "src\UserBot\Config\Telegram.UserBot.Config.csproj", "{4A9712BB-4DD3-4DE4-A217-965FFFBF159D}"
EndProject
Project("{FAE04EC0-301F-11D3-BF4B-00C04F79EFBC}") = "Telegram.UserBot.Models", "src\UserBot\Models\Telegram.UserBot.Models.csproj", "{15EA2A65-12E6-4370-943A-F7FE5DFBD723}"
EndProject
Project("{FAE04EC0-301F-11D3-BF4B-00C04F79EFBC}") = "Telegram.UserBot.Store", "src\UserBot\Store\Telegram.UserBot.Store.csproj", "{FB7DEC1A-D050-468C-9652-9E3A0DB0BA5A}"
EndProject
Project("{FAE04EC0-301F-11D3-BF4B-00C04F79EFBC}") = "Telegram.UserBot", "src\UserBot\UserBot\Telegram.UserBot.csproj", "{1E61E43B-3519-4666-A8D5-ADFD3BAE1CF2}"
EndProject
Project("{FAE04EC0-301F-11D3-BF4B-00C04F79EFBC}") = "Telegram.UserBot.Api", "src\UserBot\UserBot.Api\Telegram.UserBot.Api.csproj", "{1BB3D1E0-AF3F-4A65-B8D6-B4F7626E3D94}"
EndProject
Global
	GlobalSection(SolutionConfigurationPlatforms) = preSolution
		Local|Any CPU = Local|Any CPU
		Debug|Any CPU = Debug|Any CPU
		Testing|Any CPU = Testing|Any CPU
		Staging|Any CPU = Staging|Any CPU
		Production|Any CPU = Production|Any CPU
		Release|Any CPU = Release|Any CPU
	EndGlobalSection
	GlobalSection(ProjectConfigurationPlatforms) = postSolution
		{379BCB81-8299-4B14-B3D7-DC00F207E66E}.Local|Any CPU.ActiveCfg = Debug|Any CPU
		{379BCB81-8299-4B14-B3D7-DC00F207E66E}.Debug|Any CPU.ActiveCfg = Debug|Any CPU
		{379BCB81-8299-4B14-B3D7-DC00F207E66E}.Debug|Any CPU.Build.0 = Debug|Any CPU
		{379BCB81-8299-4B14-B3D7-DC00F207E66E}.Testing|Any CPU.ActiveCfg = Debug|Any CPU
		{379BCB81-8299-4B14-B3D7-DC00F207E66E}.Staging|Any CPU.ActiveCfg = Debug|Any CPU
		{379BCB81-8299-4B14-B3D7-DC00F207E66E}.Production|Any CPU.ActiveCfg = Debug|Any CPU
		{379BCB81-8299-4B14-B3D7-DC00F207E66E}.Release|Any CPU.ActiveCfg = Release|Any CPU
		{379BCB81-8299-4B14-B3D7-DC00F207E66E}.Release|Any CPU.Build.0 = Release|Any CPU
		{39866966-BB62-439F-ADD8-C1B411FFE99A}.Local|Any CPU.ActiveCfg = Debug|Any CPU
		{39866966-BB62-439F-ADD8-C1B411FFE99A}.Debug|Any CPU.ActiveCfg = Debug|Any CPU
		{39866966-BB62-439F-ADD8-C1B411FFE99A}.Debug|Any CPU.Build.0 = Debug|Any CPU
		{39866966-BB62-439F-ADD8-C1B411FFE99A}.Testing|Any CPU.ActiveCfg = Debug|Any CPU
		{39866966-BB62-439F-ADD8-C1B411FFE99A}.Staging|Any CPU.ActiveCfg = Debug|Any CPU
		{39866966-BB62-439F-ADD8-C1B411FFE99A}.Production|Any CPU.ActiveCfg = Debug|Any CPU
		{39866966-BB62-439F-ADD8-C1B411FFE99A}.Release|Any CPU.ActiveCfg = Release|Any CPU
		{39866966-BB62-439F-ADD8-C1B411FFE99A}.Release|Any CPU.Build.0 = Release|Any CPU
		{A71C39F5-6629-4DCB-B49E-11C98E908AB4}.Local|Any CPU.ActiveCfg = Local|Any CPU
		{A71C39F5-6629-4DCB-B49E-11C98E908AB4}.Local|Any CPU.Build.0 = Local|Any CPU
		{A71C39F5-6629-4DCB-B49E-11C98E908AB4}.Debug|Any CPU.ActiveCfg = Debug|Any CPU
		{A71C39F5-6629-4DCB-B49E-11C98E908AB4}.Debug|Any CPU.Build.0 = Debug|Any CPU
		{A71C39F5-6629-4DCB-B49E-11C98E908AB4}.Testing|Any CPU.ActiveCfg = Testing|Any CPU
		{A71C39F5-6629-4DCB-B49E-11C98E908AB4}.Testing|Any CPU.Build.0 = Testing|Any CPU
		{A71C39F5-6629-4DCB-B49E-11C98E908AB4}.Staging|Any CPU.ActiveCfg = Staging|Any CPU
		{A71C39F5-6629-4DCB-B49E-11C98E908AB4}.Staging|Any CPU.Build.0 = Staging|Any CPU
		{A71C39F5-6629-4DCB-B49E-11C98E908AB4}.Production|Any CPU.ActiveCfg = Local|Any CPU
		{A71C39F5-6629-4DCB-B49E-11C98E908AB4}.Production|Any CPU.Build.0 = Local|Any CPU
		{A71C39F5-6629-4DCB-B49E-11C98E908AB4}.Release|Any CPU.ActiveCfg = Release|Any CPU
		{A71C39F5-6629-4DCB-B49E-11C98E908AB4}.Release|Any CPU.Build.0 = Release|Any CPU
		{101B09F1-0346-4000-BBC0-85282792D851}.Local|Any CPU.ActiveCfg = Local|Any CPU
		{101B09F1-0346-4000-BBC0-85282792D851}.Local|Any CPU.Build.0 = Local|Any CPU
		{101B09F1-0346-4000-BBC0-85282792D851}.Debug|Any CPU.ActiveCfg = Debug|Any CPU
		{101B09F1-0346-4000-BBC0-85282792D851}.Debug|Any CPU.Build.0 = Debug|Any CPU
		{101B09F1-0346-4000-BBC0-85282792D851}.Testing|Any CPU.ActiveCfg = Testing|Any CPU
		{101B09F1-0346-4000-BBC0-85282792D851}.Testing|Any CPU.Build.0 = Testing|Any CPU
		{101B09F1-0346-4000-BBC0-85282792D851}.Staging|Any CPU.ActiveCfg = Staging|Any CPU
		{101B09F1-0346-4000-BBC0-85282792D851}.Staging|Any CPU.Build.0 = Staging|Any CPU
		{101B09F1-0346-4000-BBC0-85282792D851}.Production|Any CPU.ActiveCfg = Local|Any CPU
		{101B09F1-0346-4000-BBC0-85282792D851}.Production|Any CPU.Build.0 = Local|Any CPU
		{101B09F1-0346-4000-BBC0-85282792D851}.Release|Any CPU.ActiveCfg = Release|Any CPU
		{101B09F1-0346-4000-BBC0-85282792D851}.Release|Any CPU.Build.0 = Release|Any CPU
		{713320AE-DB62-4639-B443-27ADE7D42BCA}.Local|Any CPU.ActiveCfg = Local|Any CPU
		{713320AE-DB62-4639-B443-27ADE7D42BCA}.Local|Any CPU.Build.0 = Local|Any CPU
		{713320AE-DB62-4639-B443-27ADE7D42BCA}.Debug|Any CPU.ActiveCfg = Debug|Any CPU
		{713320AE-DB62-4639-B443-27ADE7D42BCA}.Debug|Any CPU.Build.0 = Debug|Any CPU
		{713320AE-DB62-4639-B443-27ADE7D42BCA}.Testing|Any CPU.ActiveCfg = Testing|Any CPU
		{713320AE-DB62-4639-B443-27ADE7D42BCA}.Testing|Any CPU.Build.0 = Testing|Any CPU
		{713320AE-DB62-4639-B443-27ADE7D42BCA}.Staging|Any CPU.ActiveCfg = Staging|Any CPU
		{713320AE-DB62-4639-B443-27ADE7D42BCA}.Staging|Any CPU.Build.0 = Staging|Any CPU
		{713320AE-DB62-4639-B443-27ADE7D42BCA}.Production|Any CPU.ActiveCfg = Local|Any CPU
		{713320AE-DB62-4639-B443-27ADE7D42BCA}.Production|Any CPU.Build.0 = Local|Any CPU
		{713320AE-DB62-4639-B443-27ADE7D42BCA}.Release|Any CPU.ActiveCfg = Release|Any CPU
		{713320AE-DB62-4639-B443-27ADE7D42BCA}.Release|Any CPU.Build.0 = Release|Any CPU
		{BB42A158-5164-4337-80A5-AC030296E6D9}.Local|Any CPU.ActiveCfg = Local|Any CPU
		{BB42A158-5164-4337-80A5-AC030296E6D9}.Local|Any CPU.Build.0 = Local|Any CPU
		{BB42A158-5164-4337-80A5-AC030296E6D9}.Debug|Any CPU.ActiveCfg = Debug|Any CPU
		{BB42A158-5164-4337-80A5-AC030296E6D9}.Debug|Any CPU.Build.0 = Debug|Any CPU
		{BB42A158-5164-4337-80A5-AC030296E6D9}.Testing|Any CPU.ActiveCfg = Testing|Any CPU
		{BB42A158-5164-4337-80A5-AC030296E6D9}.Testing|Any CPU.Build.0 = Testing|Any CPU
		{BB42A158-5164-4337-80A5-AC030296E6D9}.Staging|Any CPU.ActiveCfg = Staging|Any CPU
		{BB42A158-5164-4337-80A5-AC030296E6D9}.Staging|Any CPU.Build.0 = Staging|Any CPU
		{BB42A158-5164-4337-80A5-AC030296E6D9}.Production|Any CPU.ActiveCfg = Local|Any CPU
		{BB42A158-5164-4337-80A5-AC030296E6D9}.Production|Any CPU.Build.0 = Local|Any CPU
		{BB42A158-5164-4337-80A5-AC030296E6D9}.Release|Any CPU.ActiveCfg = Release|Any CPU
		{BB42A158-5164-4337-80A5-AC030296E6D9}.Release|Any CPU.Build.0 = Release|Any CPU
		{FE1174EC-D295-4E35-BDA7-8A3E1133E591}.Local|Any CPU.ActiveCfg = Local|Any CPU
		{FE1174EC-D295-4E35-BDA7-8A3E1133E591}.Local|Any CPU.Build.0 = Local|Any CPU
		{FE1174EC-D295-4E35-BDA7-8A3E1133E591}.Debug|Any CPU.ActiveCfg = Debug|Any CPU
		{FE1174EC-D295-4E35-BDA7-8A3E1133E591}.Debug|Any CPU.Build.0 = Debug|Any CPU
		{FE1174EC-D295-4E35-BDA7-8A3E1133E591}.Testing|Any CPU.ActiveCfg = Testing|Any CPU
		{FE1174EC-D295-4E35-BDA7-8A3E1133E591}.Testing|Any CPU.Build.0 = Testing|Any CPU
		{FE1174EC-D295-4E35-BDA7-8A3E1133E591}.Staging|Any CPU.ActiveCfg = Staging|Any CPU
		{FE1174EC-D295-4E35-BDA7-8A3E1133E591}.Staging|Any CPU.Build.0 = Staging|Any CPU
		{FE1174EC-D295-4E35-BDA7-8A3E1133E591}.Production|Any CPU.ActiveCfg = Local|Any CPU
		{FE1174EC-D295-4E35-BDA7-8A3E1133E591}.Production|Any CPU.Build.0 = Local|Any CPU
		{FE1174EC-D295-4E35-BDA7-8A3E1133E591}.Release|Any CPU.ActiveCfg = Release|Any CPU
		{FE1174EC-D295-4E35-BDA7-8A3E1133E591}.Release|Any CPU.Build.0 = Release|Any CPU
		{5CDED58C-AB4B-48FF-B3A0-DFAC57290B74}.Local|Any CPU.ActiveCfg = Local|Any CPU
		{5CDED58C-AB4B-48FF-B3A0-DFAC57290B74}.Local|Any CPU.Build.0 = Local|Any CPU
		{5CDED58C-AB4B-48FF-B3A0-DFAC57290B74}.Debug|Any CPU.ActiveCfg = Debug|Any CPU
		{5CDED58C-AB4B-48FF-B3A0-DFAC57290B74}.Debug|Any CPU.Build.0 = Debug|Any CPU
		{5CDED58C-AB4B-48FF-B3A0-DFAC57290B74}.Testing|Any CPU.ActiveCfg = Testing|Any CPU
		{5CDED58C-AB4B-48FF-B3A0-DFAC57290B74}.Testing|Any CPU.Build.0 = Testing|Any CPU
		{5CDED58C-AB4B-48FF-B3A0-DFAC57290B74}.Staging|Any CPU.ActiveCfg = Staging|Any CPU
		{5CDED58C-AB4B-48FF-B3A0-DFAC57290B74}.Staging|Any CPU.Build.0 = Staging|Any CPU
		{5CDED58C-AB4B-48FF-B3A0-DFAC57290B74}.Production|Any CPU.ActiveCfg = Local|Any CPU
		{5CDED58C-AB4B-48FF-B3A0-DFAC57290B74}.Production|Any CPU.Build.0 = Local|Any CPU
		{5CDED58C-AB4B-48FF-B3A0-DFAC57290B74}.Release|Any CPU.ActiveCfg = Release|Any CPU
		{5CDED58C-AB4B-48FF-B3A0-DFAC57290B74}.Release|Any CPU.Build.0 = Release|Any CPU
		{4A9712BB-4DD3-4DE4-A217-965FFFBF159D}.Local|Any CPU.ActiveCfg = Local|Any CPU
		{4A9712BB-4DD3-4DE4-A217-965FFFBF159D}.Local|Any CPU.Build.0 = Local|Any CPU
		{4A9712BB-4DD3-4DE4-A217-965FFFBF159D}.Debug|Any CPU.ActiveCfg = Debug|Any CPU
		{4A9712BB-4DD3-4DE4-A217-965FFFBF159D}.Debug|Any CPU.Build.0 = Debug|Any CPU
		{4A9712BB-4DD3-4DE4-A217-965FFFBF159D}.Testing|Any CPU.ActiveCfg = Testing|Any CPU
		{4A9712BB-4DD3-4DE4-A217-965FFFBF159D}.Testing|Any CPU.Build.0 = Testing|Any CPU
		{4A9712BB-4DD3-4DE4-A217-965FFFBF159D}.Staging|Any CPU.ActiveCfg = Staging|Any CPU
		{4A9712BB-4DD3-4DE4-A217-965FFFBF159D}.Staging|Any CPU.Build.0 = Staging|Any CPU
		{4A9712BB-4DD3-4DE4-A217-965FFFBF159D}.Production|Any CPU.ActiveCfg = Local|Any CPU
		{4A9712BB-4DD3-4DE4-A217-965FFFBF159D}.Production|Any CPU.Build.0 = Local|Any CPU
		{4A9712BB-4DD3-4DE4-A217-965FFFBF159D}.Release|Any CPU.ActiveCfg = Release|Any CPU
		{4A9712BB-4DD3-4DE4-A217-965FFFBF159D}.Release|Any CPU.Build.0 = Release|Any CPU
		{15EA2A65-12E6-4370-943A-F7FE5DFBD723}.Local|Any CPU.ActiveCfg = Local|Any CPU
		{15EA2A65-12E6-4370-943A-F7FE5DFBD723}.Local|Any CPU.Build.0 = Local|Any CPU
		{15EA2A65-12E6-4370-943A-F7FE5DFBD723}.Debug|Any CPU.ActiveCfg = Debug|Any CPU
		{15EA2A65-12E6-4370-943A-F7FE5DFBD723}.Debug|Any CPU.Build.0 = Debug|Any CPU
		{15EA2A65-12E6-4370-943A-F7FE5DFBD723}.Testing|Any CPU.ActiveCfg = Testing|Any CPU
		{15EA2A65-12E6-4370-943A-F7FE5DFBD723}.Testing|Any CPU.Build.0 = Testing|Any CPU
		{15EA2A65-12E6-4370-943A-F7FE5DFBD723}.Staging|Any CPU.ActiveCfg = Staging|Any CPU
		{15EA2A65-12E6-4370-943A-F7FE5DFBD723}.Staging|Any CPU.Build.0 = Staging|Any CPU
		{15EA2A65-12E6-4370-943A-F7FE5DFBD723}.Production|Any CPU.ActiveCfg = Local|Any CPU
		{15EA2A65-12E6-4370-943A-F7FE5DFBD723}.Production|Any CPU.Build.0 = Local|Any CPU
		{15EA2A65-12E6-4370-943A-F7FE5DFBD723}.Release|Any CPU.ActiveCfg = Release|Any CPU
		{15EA2A65-12E6-4370-943A-F7FE5DFBD723}.Release|Any CPU.Build.0 = Release|Any CPU
		{FB7DEC1A-D050-468C-9652-9E3A0DB0BA5A}.Local|Any CPU.ActiveCfg = Local|Any CPU
		{FB7DEC1A-D050-468C-9652-9E3A0DB0BA5A}.Local|Any CPU.Build.0 = Local|Any CPU
		{FB7DEC1A-D050-468C-9652-9E3A0DB0BA5A}.Debug|Any CPU.ActiveCfg = Debug|Any CPU
		{FB7DEC1A-D050-468C-9652-9E3A0DB0BA5A}.Debug|Any CPU.Build.0 = Debug|Any CPU
		{FB7DEC1A-D050-468C-9652-9E3A0DB0BA5A}.Testing|Any CPU.ActiveCfg = Testing|Any CPU
		{FB7DEC1A-D050-468C-9652-9E3A0DB0BA5A}.Testing|Any CPU.Build.0 = Testing|Any CPU
		{FB7DEC1A-D050-468C-9652-9E3A0DB0BA5A}.Staging|Any CPU.ActiveCfg = Staging|Any CPU
		{FB7DEC1A-D050-468C-9652-9E3A0DB0BA5A}.Staging|Any CPU.Build.0 = Staging|Any CPU
		{FB7DEC1A-D050-468C-9652-9E3A0DB0BA5A}.Production|Any CPU.ActiveCfg = Local|Any CPU
		{FB7DEC1A-D050-468C-9652-9E3A0DB0BA5A}.Production|Any CPU.Build.0 = Local|Any CPU
		{FB7DEC1A-D050-468C-9652-9E3A0DB0BA5A}.Release|Any CPU.ActiveCfg = Release|Any CPU
		{FB7DEC1A-D050-468C-9652-9E3A0DB0BA5A}.Release|Any CPU.Build.0 = Release|Any CPU
		{1E61E43B-3519-4666-A8D5-ADFD3BAE1CF2}.Local|Any CPU.ActiveCfg = Local|Any CPU
		{1E61E43B-3519-4666-A8D5-ADFD3BAE1CF2}.Local|Any CPU.Build.0 = Local|Any CPU
		{1E61E43B-3519-4666-A8D5-ADFD3BAE1CF2}.Debug|Any CPU.ActiveCfg = Debug|Any CPU
		{1E61E43B-3519-4666-A8D5-ADFD3BAE1CF2}.Debug|Any CPU.Build.0 = Debug|Any CPU
		{1E61E43B-3519-4666-A8D5-ADFD3BAE1CF2}.Testing|Any CPU.ActiveCfg = Testing|Any CPU
		{1E61E43B-3519-4666-A8D5-ADFD3BAE1CF2}.Testing|Any CPU.Build.0 = Testing|Any CPU
		{1E61E43B-3519-4666-A8D5-ADFD3BAE1CF2}.Staging|Any CPU.ActiveCfg = Staging|Any CPU
		{1E61E43B-3519-4666-A8D5-ADFD3BAE1CF2}.Staging|Any CPU.Build.0 = Staging|Any CPU
		{1E61E43B-3519-4666-A8D5-ADFD3BAE1CF2}.Production|Any CPU.ActiveCfg = Local|Any CPU
		{1E61E43B-3519-4666-A8D5-ADFD3BAE1CF2}.Production|Any CPU.Build.0 = Local|Any CPU
		{1E61E43B-3519-4666-A8D5-ADFD3BAE1CF2}.Release|Any CPU.ActiveCfg = Release|Any CPU
		{1E61E43B-3519-4666-A8D5-ADFD3BAE1CF2}.Release|Any CPU.Build.0 = Release|Any CPU
		{1BB3D1E0-AF3F-4A65-B8D6-B4F7626E3D94}.Local|Any CPU.ActiveCfg = Local|Any CPU
		{1BB3D1E0-AF3F-4A65-B8D6-B4F7626E3D94}.Local|Any CPU.Build.0 = Local|Any CPU
		{1BB3D1E0-AF3F-4A65-B8D6-B4F7626E3D94}.Debug|Any CPU.ActiveCfg = Debug|Any CPU
		{1BB3D1E0-AF3F-4A65-B8D6-B4F7626E3D94}.Debug|Any CPU.Build.0 = Debug|Any CPU
		{1BB3D1E0-AF3F-4A65-B8D6-B4F7626E3D94}.Testing|Any CPU.ActiveCfg = Testing|Any CPU
		{1BB3D1E0-AF3F-4A65-B8D6-B4F7626E3D94}.Testing|Any CPU.Build.0 = Testing|Any CPU
		{1BB3D1E0-AF3F-4A65-B8D6-B4F7626E3D94}.Staging|Any CPU.ActiveCfg = Staging|Any CPU
		{1BB3D1E0-AF3F-4A65-B8D6-B4F7626E3D94}.Staging|Any CPU.Build.0 = Staging|Any CPU
		{1BB3D1E0-AF3F-4A65-B8D6-B4F7626E3D94}.Production|Any CPU.ActiveCfg = Local|Any CPU
		{1BB3D1E0-AF3F-4A65-B8D6-B4F7626E3D94}.Production|Any CPU.Build.0 = Local|Any CPU
		{1BB3D1E0-AF3F-4A65-B8D6-B4F7626E3D94}.Release|Any CPU.ActiveCfg = Release|Any CPU
		{1BB3D1E0-AF3F-4A65-B8D6-B4F7626E3D94}.Release|Any CPU.Build.0 = Release|Any CPU
	EndGlobalSection
	GlobalSection(SolutionProperties) = preSolution
		HideSolutionNode = FALSE
	EndGlobalSection
	GlobalSection(NestedProjects) = preSolution
		{379BCB81-8299-4B14-B3D7-DC00F207E66E} = {365D8EBD-A1F0-49FF-9A4F-2A269351D617}
		{365D8EBD-A1F0-49FF-9A4F-2A269351D617} = {ED935C4B-982D-4F10-8BF7-BE68062418E7}
		{39866966-BB62-439F-ADD8-C1B411FFE99A} = {3FBD2C8D-E965-4694-9282-D9B704055D0B}
		{3FBD2C8D-E965-4694-9282-D9B704055D0B} = {ED935C4B-982D-4F10-8BF7-BE68062418E7}
		{A71C39F5-6629-4DCB-B49E-11C98E908AB4} = {DA694CE7-B907-43BC-B1BA-373EE833C6D8}
		{101B09F1-0346-4000-BBC0-85282792D851} = {DA694CE7-B907-43BC-B1BA-373EE833C6D8}
		{713320AE-DB62-4639-B443-27ADE7D42BCA} = {DA694CE7-B907-43BC-B1BA-373EE833C6D8}
		{BB42A158-5164-4337-80A5-AC030296E6D9} = {DA694CE7-B907-43BC-B1BA-373EE833C6D8}
		{FE1174EC-D295-4E35-BDA7-8A3E1133E591} = {DA694CE7-B907-43BC-B1BA-373EE833C6D8}
		{5CDED58C-AB4B-48FF-B3A0-DFAC57290B74} = {DA694CE7-B907-43BC-B1BA-373EE833C6D8}
		{44053AD7-6007-4508-9B72-285175C8DA5C} = {DA694CE7-B907-43BC-B1BA-373EE833C6D8}
		{4A9712BB-4DD3-4DE4-A217-965FFFBF159D} = {44053AD7-6007-4508-9B72-285175C8DA5C}
		{15EA2A65-12E6-4370-943A-F7FE5DFBD723} = {44053AD7-6007-4508-9B72-285175C8DA5C}
		{FB7DEC1A-D050-468C-9652-9E3A0DB0BA5A} = {44053AD7-6007-4508-9B72-285175C8DA5C}
		{1E61E43B-3519-4666-A8D5-ADFD3BAE1CF2} = {44053AD7-6007-4508-9B72-285175C8DA5C}
		{1BB3D1E0-AF3F-4A65-B8D6-B4F7626E3D94} = {44053AD7-6007-4508-9B72-285175C8DA5C}
	EndGlobalSection
	GlobalSection(ExtensibilityGlobals) = postSolution
		SolutionGuid = {0C33B4AB-EA99-4ECD-9281-450798822402}
	EndGlobalSection
EndGlobal
