Microsoft Visual Studio Solution File, Format Version 12.00
# 
Project("{2150E333-8FDC-42A3-9474-1A3956D46DE8}") = "Solution Items", "Solution Items", "{B283EBC2-E01F-412D-9339-FD56EF114549}"
	ProjectSection(SolutionItems) = preProject
		..\..\Directory.Build.props = ..\..\Directory.Build.props
		..\..\Directory.Build.targets = ..\..\Directory.Build.targets
		..\..\global.json = ..\..\global.json
		..\..\..\..\Packages\Versions.Local.props = ..\..\..\..\Packages\Versions.Local.props
	EndProjectSection
EndProject
Project("{FAE04EC0-301F-11D3-BF4B-00C04F79EFBC}") = "Telegram.Bot.Extensions", "..\Bot.Extensions\Telegram.Bot.Extensions.csproj", "{65D45C35-AC36-450A-BDE2-0750C09A8738}"
EndProject
Project("{FAE04EC0-301F-11D3-BF4B-00C04F79EFBC}") = "Telegram.Constants", "..\Constants\Telegram.Constants.csproj", "{4B66FB14-F7BC-4C2E-A248-E0F50AAD0CE0}"
EndProject
Project("{FAE04EC0-301F-11D3-BF4B-00C04F79EFBC}") = "Telegram.JsonConverters", "..\Converters\Telegram.JsonConverters.csproj", "{2725146E-E98C-4125-A64E-688733271A50}"
EndProject
Project("{FAE04EC0-301F-11D3-BF4B-00C04F79EFBC}") = "Telegram.Bots.EntityFrameworkCore", "..\EntityFrameworkCore\Telegram.Bots.EntityFrameworkCore.csproj", "{F2685965-66E4-4B00-9EDE-70C086765090}"
EndProject
Project("{FAE04EC0-301F-11D3-BF4B-00C04F79EFBC}") = "Telegram.Identity", "..\Identity\Telegram.Identity.csproj", "{4E898B1F-B184-4BFB-93C9-82A5D927FBB3}"
EndProject
Project("{FAE04EC0-301F-11D3-BF4B-00C04F79EFBC}") = "Telegram.Models", "..\Models\Telegram.Models.csproj", "{86CF4FA8-E937-4E9A-941E-46C7E6686E4E}"
EndProject
Project("{FAE04EC0-301F-11D3-BF4B-00C04F79EFBC}") = "Telegram.UserBot", "..\UserBot\UserBot\Telegram.UserBot.csproj", "{77FAE92A-9EE7-40E2-9DF2-34326A269186}"
EndProject
Project("{FAE04EC0-301F-11D3-BF4B-00C04F79EFBC}") = "Telegram.Bot", "..\..\lib\Telegram.Bot\src\Telegram.Bot\Telegram.Bot.csproj", "{B9F0D22E-3311-4EDE-BB31-9481B3C2C648}"
EndProject
Project("{FAE04EC0-301F-11D3-BF4B-00C04F79EFBC}") = "Telegram", "Telegram.csproj", "{AC53B906-055C-4182-B0DA-A4495D54D106}"
EndProject
Global
	GlobalSection(SolutionConfigurationPlatforms) = preSolution
		Local|Any CPU = Local|Any CPU
		Debug|Any CPU = Debug|Any CPU
		Testing|Any CPU = Testing|Any CPU
		Staging|Any CPU = Staging|Any CPU
		Production|Any CPU = Production|Any CPU
		Release|Any CPU = Release|Any CPU
	EndGlobalSection
	GlobalSection(ProjectConfigurationPlatforms) = postSolution
		{65D45C35-AC36-450A-BDE2-0750C09A8738}.Local|Any CPU.ActiveCfg = Local|Any CPU
		{65D45C35-AC36-450A-BDE2-0750C09A8738}.Local|Any CPU.Build.0 = Local|Any CPU
		{65D45C35-AC36-450A-BDE2-0750C09A8738}.Debug|Any CPU.ActiveCfg = Debug|Any CPU
		{65D45C35-AC36-450A-BDE2-0750C09A8738}.Debug|Any CPU.Build.0 = Debug|Any CPU
		{65D45C35-AC36-450A-BDE2-0750C09A8738}.Testing|Any CPU.ActiveCfg = Testing|Any CPU
		{65D45C35-AC36-450A-BDE2-0750C09A8738}.Testing|Any CPU.Build.0 = Testing|Any CPU
		{65D45C35-AC36-450A-BDE2-0750C09A8738}.Staging|Any CPU.ActiveCfg = Staging|Any CPU
		{65D45C35-AC36-450A-BDE2-0750C09A8738}.Staging|Any CPU.Build.0 = Staging|Any CPU
		{65D45C35-AC36-450A-BDE2-0750C09A8738}.Production|Any CPU.ActiveCfg = Local|Any CPU
		{65D45C35-AC36-450A-BDE2-0750C09A8738}.Production|Any CPU.Build.0 = Local|Any CPU
		{65D45C35-AC36-450A-BDE2-0750C09A8738}.Release|Any CPU.ActiveCfg = Release|Any CPU
		{65D45C35-AC36-450A-BDE2-0750C09A8738}.Release|Any CPU.Build.0 = Release|Any CPU
		{4B66FB14-F7BC-4C2E-A248-E0F50AAD0CE0}.Local|Any CPU.ActiveCfg = Local|Any CPU
		{4B66FB14-F7BC-4C2E-A248-E0F50AAD0CE0}.Local|Any CPU.Build.0 = Local|Any CPU
		{4B66FB14-F7BC-4C2E-A248-E0F50AAD0CE0}.Debug|Any CPU.ActiveCfg = Debug|Any CPU
		{4B66FB14-F7BC-4C2E-A248-E0F50AAD0CE0}.Debug|Any CPU.Build.0 = Debug|Any CPU
		{4B66FB14-F7BC-4C2E-A248-E0F50AAD0CE0}.Testing|Any CPU.ActiveCfg = Testing|Any CPU
		{4B66FB14-F7BC-4C2E-A248-E0F50AAD0CE0}.Testing|Any CPU.Build.0 = Testing|Any CPU
		{4B66FB14-F7BC-4C2E-A248-E0F50AAD0CE0}.Staging|Any CPU.ActiveCfg = Staging|Any CPU
		{4B66FB14-F7BC-4C2E-A248-E0F50AAD0CE0}.Staging|Any CPU.Build.0 = Staging|Any CPU
		{4B66FB14-F7BC-4C2E-A248-E0F50AAD0CE0}.Production|Any CPU.ActiveCfg = Local|Any CPU
		{4B66FB14-F7BC-4C2E-A248-E0F50AAD0CE0}.Production|Any CPU.Build.0 = Local|Any CPU
		{4B66FB14-F7BC-4C2E-A248-E0F50AAD0CE0}.Release|Any CPU.ActiveCfg = Release|Any CPU
		{4B66FB14-F7BC-4C2E-A248-E0F50AAD0CE0}.Release|Any CPU.Build.0 = Release|Any CPU
		{2725146E-E98C-4125-A64E-688733271A50}.Local|Any CPU.ActiveCfg = Local|Any CPU
		{2725146E-E98C-4125-A64E-688733271A50}.Local|Any CPU.Build.0 = Local|Any CPU
		{2725146E-E98C-4125-A64E-688733271A50}.Debug|Any CPU.ActiveCfg = Debug|Any CPU
		{2725146E-E98C-4125-A64E-688733271A50}.Debug|Any CPU.Build.0 = Debug|Any CPU
		{2725146E-E98C-4125-A64E-688733271A50}.Testing|Any CPU.ActiveCfg = Testing|Any CPU
		{2725146E-E98C-4125-A64E-688733271A50}.Testing|Any CPU.Build.0 = Testing|Any CPU
		{2725146E-E98C-4125-A64E-688733271A50}.Staging|Any CPU.ActiveCfg = Staging|Any CPU
		{2725146E-E98C-4125-A64E-688733271A50}.Staging|Any CPU.Build.0 = Staging|Any CPU
		{2725146E-E98C-4125-A64E-688733271A50}.Production|Any CPU.ActiveCfg = Local|Any CPU
		{2725146E-E98C-4125-A64E-688733271A50}.Production|Any CPU.Build.0 = Local|Any CPU
		{2725146E-E98C-4125-A64E-688733271A50}.Release|Any CPU.ActiveCfg = Release|Any CPU
		{2725146E-E98C-4125-A64E-688733271A50}.Release|Any CPU.Build.0 = Release|Any CPU
		{F2685965-66E4-4B00-9EDE-70C086765090}.Local|Any CPU.ActiveCfg = Local|Any CPU
		{F2685965-66E4-4B00-9EDE-70C086765090}.Local|Any CPU.Build.0 = Local|Any CPU
		{F2685965-66E4-4B00-9EDE-70C086765090}.Debug|Any CPU.ActiveCfg = Debug|Any CPU
		{F2685965-66E4-4B00-9EDE-70C086765090}.Debug|Any CPU.Build.0 = Debug|Any CPU
		{F2685965-66E4-4B00-9EDE-70C086765090}.Testing|Any CPU.ActiveCfg = Testing|Any CPU
		{F2685965-66E4-4B00-9EDE-70C086765090}.Testing|Any CPU.Build.0 = Testing|Any CPU
		{F2685965-66E4-4B00-9EDE-70C086765090}.Staging|Any CPU.ActiveCfg = Staging|Any CPU
		{F2685965-66E4-4B00-9EDE-70C086765090}.Staging|Any CPU.Build.0 = Staging|Any CPU
		{F2685965-66E4-4B00-9EDE-70C086765090}.Production|Any CPU.ActiveCfg = Local|Any CPU
		{F2685965-66E4-4B00-9EDE-70C086765090}.Production|Any CPU.Build.0 = Local|Any CPU
		{F2685965-66E4-4B00-9EDE-70C086765090}.Release|Any CPU.ActiveCfg = Release|Any CPU
		{F2685965-66E4-4B00-9EDE-70C086765090}.Release|Any CPU.Build.0 = Release|Any CPU
		{4E898B1F-B184-4BFB-93C9-82A5D927FBB3}.Local|Any CPU.ActiveCfg = Local|Any CPU
		{4E898B1F-B184-4BFB-93C9-82A5D927FBB3}.Local|Any CPU.Build.0 = Local|Any CPU
		{4E898B1F-B184-4BFB-93C9-82A5D927FBB3}.Debug|Any CPU.ActiveCfg = Debug|Any CPU
		{4E898B1F-B184-4BFB-93C9-82A5D927FBB3}.Debug|Any CPU.Build.0 = Debug|Any CPU
		{4E898B1F-B184-4BFB-93C9-82A5D927FBB3}.Testing|Any CPU.ActiveCfg = Testing|Any CPU
		{4E898B1F-B184-4BFB-93C9-82A5D927FBB3}.Testing|Any CPU.Build.0 = Testing|Any CPU
		{4E898B1F-B184-4BFB-93C9-82A5D927FBB3}.Staging|Any CPU.ActiveCfg = Staging|Any CPU
		{4E898B1F-B184-4BFB-93C9-82A5D927FBB3}.Staging|Any CPU.Build.0 = Staging|Any CPU
		{4E898B1F-B184-4BFB-93C9-82A5D927FBB3}.Production|Any CPU.ActiveCfg = Local|Any CPU
		{4E898B1F-B184-4BFB-93C9-82A5D927FBB3}.Production|Any CPU.Build.0 = Local|Any CPU
		{4E898B1F-B184-4BFB-93C9-82A5D927FBB3}.Release|Any CPU.ActiveCfg = Release|Any CPU
		{4E898B1F-B184-4BFB-93C9-82A5D927FBB3}.Release|Any CPU.Build.0 = Release|Any CPU
		{86CF4FA8-E937-4E9A-941E-46C7E6686E4E}.Local|Any CPU.ActiveCfg = Local|Any CPU
		{86CF4FA8-E937-4E9A-941E-46C7E6686E4E}.Local|Any CPU.Build.0 = Local|Any CPU
		{86CF4FA8-E937-4E9A-941E-46C7E6686E4E}.Debug|Any CPU.ActiveCfg = Debug|Any CPU
		{86CF4FA8-E937-4E9A-941E-46C7E6686E4E}.Debug|Any CPU.Build.0 = Debug|Any CPU
		{86CF4FA8-E937-4E9A-941E-46C7E6686E4E}.Testing|Any CPU.ActiveCfg = Testing|Any CPU
		{86CF4FA8-E937-4E9A-941E-46C7E6686E4E}.Testing|Any CPU.Build.0 = Testing|Any CPU
		{86CF4FA8-E937-4E9A-941E-46C7E6686E4E}.Staging|Any CPU.ActiveCfg = Staging|Any CPU
		{86CF4FA8-E937-4E9A-941E-46C7E6686E4E}.Staging|Any CPU.Build.0 = Staging|Any CPU
		{86CF4FA8-E937-4E9A-941E-46C7E6686E4E}.Production|Any CPU.ActiveCfg = Local|Any CPU
		{86CF4FA8-E937-4E9A-941E-46C7E6686E4E}.Production|Any CPU.Build.0 = Local|Any CPU
		{86CF4FA8-E937-4E9A-941E-46C7E6686E4E}.Release|Any CPU.ActiveCfg = Release|Any CPU
		{86CF4FA8-E937-4E9A-941E-46C7E6686E4E}.Release|Any CPU.Build.0 = Release|Any CPU
		{77FAE92A-9EE7-40E2-9DF2-34326A269186}.Local|Any CPU.ActiveCfg = Local|Any CPU
		{77FAE92A-9EE7-40E2-9DF2-34326A269186}.Local|Any CPU.Build.0 = Local|Any CPU
		{77FAE92A-9EE7-40E2-9DF2-34326A269186}.Debug|Any CPU.ActiveCfg = Debug|Any CPU
		{77FAE92A-9EE7-40E2-9DF2-34326A269186}.Debug|Any CPU.Build.0 = Debug|Any CPU
		{77FAE92A-9EE7-40E2-9DF2-34326A269186}.Testing|Any CPU.ActiveCfg = Testing|Any CPU
		{77FAE92A-9EE7-40E2-9DF2-34326A269186}.Testing|Any CPU.Build.0 = Testing|Any CPU
		{77FAE92A-9EE7-40E2-9DF2-34326A269186}.Staging|Any CPU.ActiveCfg = Staging|Any CPU
		{77FAE92A-9EE7-40E2-9DF2-34326A269186}.Staging|Any CPU.Build.0 = Staging|Any CPU
		{77FAE92A-9EE7-40E2-9DF2-34326A269186}.Production|Any CPU.ActiveCfg = Local|Any CPU
		{77FAE92A-9EE7-40E2-9DF2-34326A269186}.Production|Any CPU.Build.0 = Local|Any CPU
		{77FAE92A-9EE7-40E2-9DF2-34326A269186}.Release|Any CPU.ActiveCfg = Release|Any CPU
		{77FAE92A-9EE7-40E2-9DF2-34326A269186}.Release|Any CPU.Build.0 = Release|Any CPU
		{B9F0D22E-3311-4EDE-BB31-9481B3C2C648}.Local|Any CPU.ActiveCfg = Debug|Any CPU
		{B9F0D22E-3311-4EDE-BB31-9481B3C2C648}.Local|Any CPU.Build.0 = Debug|Any CPU
		{B9F0D22E-3311-4EDE-BB31-9481B3C2C648}.Debug|Any CPU.ActiveCfg = Debug|Any CPU
		{B9F0D22E-3311-4EDE-BB31-9481B3C2C648}.Debug|Any CPU.Build.0 = Debug|Any CPU
		{B9F0D22E-3311-4EDE-BB31-9481B3C2C648}.Testing|Any CPU.ActiveCfg = Debug|Any CPU
		{B9F0D22E-3311-4EDE-BB31-9481B3C2C648}.Testing|Any CPU.Build.0 = Debug|Any CPU
		{B9F0D22E-3311-4EDE-BB31-9481B3C2C648}.Staging|Any CPU.ActiveCfg = Debug|Any CPU
		{B9F0D22E-3311-4EDE-BB31-9481B3C2C648}.Staging|Any CPU.Build.0 = Debug|Any CPU
		{B9F0D22E-3311-4EDE-BB31-9481B3C2C648}.Production|Any CPU.ActiveCfg = Debug|Any CPU
		{B9F0D22E-3311-4EDE-BB31-9481B3C2C648}.Production|Any CPU.Build.0 = Debug|Any CPU
		{B9F0D22E-3311-4EDE-BB31-9481B3C2C648}.Release|Any CPU.ActiveCfg = Release|Any CPU
		{B9F0D22E-3311-4EDE-BB31-9481B3C2C648}.Release|Any CPU.Build.0 = Release|Any CPU
		{AC53B906-055C-4182-B0DA-A4495D54D106}.Local|Any CPU.ActiveCfg = Local|Any CPU
		{AC53B906-055C-4182-B0DA-A4495D54D106}.Local|Any CPU.Build.0 = Local|Any CPU
		{AC53B906-055C-4182-B0DA-A4495D54D106}.Debug|Any CPU.ActiveCfg = Debug|Any CPU
		{AC53B906-055C-4182-B0DA-A4495D54D106}.Debug|Any CPU.Build.0 = Debug|Any CPU
		{AC53B906-055C-4182-B0DA-A4495D54D106}.Testing|Any CPU.ActiveCfg = Testing|Any CPU
		{AC53B906-055C-4182-B0DA-A4495D54D106}.Testing|Any CPU.Build.0 = Testing|Any CPU
		{AC53B906-055C-4182-B0DA-A4495D54D106}.Staging|Any CPU.ActiveCfg = Staging|Any CPU
		{AC53B906-055C-4182-B0DA-A4495D54D106}.Staging|Any CPU.Build.0 = Staging|Any CPU
		{AC53B906-055C-4182-B0DA-A4495D54D106}.Production|Any CPU.ActiveCfg = Local|Any CPU
		{AC53B906-055C-4182-B0DA-A4495D54D106}.Production|Any CPU.Build.0 = Local|Any CPU
		{AC53B906-055C-4182-B0DA-A4495D54D106}.Release|Any CPU.ActiveCfg = Release|Any CPU
		{AC53B906-055C-4182-B0DA-A4495D54D106}.Release|Any CPU.Build.0 = Release|Any CPU
	EndGlobalSection
	GlobalSection(SolutionProperties) = preSolution
		HideSolutionNode = FALSE
	EndGlobalSection
	GlobalSection(ExtensibilityGlobals) = postSolution
		SolutionGuid = {D20EE61B-2714-47A8-89E6-8E4880B8AF23}
	EndGlobalSection
EndGlobal
