Microsoft Visual Studio Solution File, Format Version 12.00
# 
Project("{2150E333-8FDC-42A3-9474-1A3956D46DE8}") = "Solution Items", "Solution Items", "{B283EBC2-E01F-412D-9339-FD56EF114549}"
	ProjectSection(SolutionItems) = preProject
		..\..\Directory.Build.props = ..\..\Directory.Build.props
		..\..\Directory.Build.targets = ..\..\Directory.Build.targets
		..\..\global.json = ..\..\global.json
		..\..\..\..\Packages\Versions.Local.props = ..\..\..\..\Packages\Versions.Local.props
	EndProjectSection
EndProject
Project("{FAE04EC0-301F-11D3-BF4B-00C04F79EFBC}") = "Telegram.Bot.Extensions", "Telegram.Bot.Extensions.csproj", "{0A49B99D-482D-4EA5-BE48-33E39E398123}"
EndProject
Global
	GlobalSection(SolutionConfigurationPlatforms) = preSolution
		Local|Any CPU = Local|Any CPU
		Debug|Any CPU = Debug|Any CPU
		Testing|Any CPU = Testing|Any CPU
		Staging|Any CPU = Staging|Any CPU
		Production|Any CPU = Production|Any CPU
		Release|Any CPU = Release|Any CPU
	EndGlobalSection
	GlobalSection(ProjectConfigurationPlatforms) = postSolution
		{0A49B99D-482D-4EA5-BE48-33E39E398123}.Local|Any CPU.ActiveCfg = Local|Any CPU
		{0A49B99D-482D-4EA5-BE48-33E39E398123}.Local|Any CPU.Build.0 = Local|Any CPU
		{0A49B99D-482D-4EA5-BE48-33E39E398123}.Debug|Any CPU.ActiveCfg = Debug|Any CPU
		{0A49B99D-482D-4EA5-BE48-33E39E398123}.Debug|Any CPU.Build.0 = Debug|Any CPU
		{0A49B99D-482D-4EA5-BE48-33E39E398123}.Testing|Any CPU.ActiveCfg = Testing|Any CPU
		{0A49B99D-482D-4EA5-BE48-33E39E398123}.Testing|Any CPU.Build.0 = Testing|Any CPU
		{0A49B99D-482D-4EA5-BE48-33E39E398123}.Staging|Any CPU.ActiveCfg = Staging|Any CPU
		{0A49B99D-482D-4EA5-BE48-33E39E398123}.Staging|Any CPU.Build.0 = Staging|Any CPU
		{0A49B99D-482D-4EA5-BE48-33E39E398123}.Production|Any CPU.ActiveCfg = Local|Any CPU
		{0A49B99D-482D-4EA5-BE48-33E39E398123}.Production|Any CPU.Build.0 = Local|Any CPU
		{0A49B99D-482D-4EA5-BE48-33E39E398123}.Release|Any CPU.ActiveCfg = Release|Any CPU
		{0A49B99D-482D-4EA5-BE48-33E39E398123}.Release|Any CPU.Build.0 = Release|Any CPU
	EndGlobalSection
	GlobalSection(SolutionProperties) = preSolution
		HideSolutionNode = FALSE
	EndGlobalSection
	GlobalSection(ExtensibilityGlobals) = postSolution
		SolutionGuid = {ED61C5BB-74D6-4E39-BC4F-DCE5F08C9EC5}
	EndGlobalSection
EndGlobal
