Microsoft Visual Studio Solution File, Format Version 12.00
# 
Project("{2150E333-8FDC-42A3-9474-1A3956D46DE8}") = "Solution Items", "Solution Items", "{B283EBC2-E01F-412D-9339-FD56EF114549}"
	ProjectSection(SolutionItems) = preProject
		..\..\Directory.Build.props = ..\..\Directory.Build.props
		..\..\Directory.Build.targets = ..\..\Directory.Build.targets
		..\..\global.json = ..\..\global.json
		..\..\..\..\Packages\Versions.Local.props = ..\..\..\..\Packages\Versions.Local.props
	EndProjectSection
EndProject
Project("{FAE04EC0-301F-11D3-BF4B-00C04F79EFBC}") = "Telegram.Bot.Extensions", "..\Bot.Extensions\Telegram.Bot.Extensions.csproj", "{750F961B-75A1-45F7-AB0D-AB4F512F6F78}"
EndProject
Project("{FAE04EC0-301F-11D3-BF4B-00C04F79EFBC}") = "Telegram.Constants", "..\Constants\Telegram.Constants.csproj", "{2164C6B3-2169-4BB1-BD5D-54F5747620A1}"
EndProject
Project("{FAE04EC0-301F-11D3-BF4B-00C04F79EFBC}") = "Telegram.Identity", "Telegram.Identity.csproj", "{C89DB613-5A8A-46A7-9F8E-81006C289E11}"
EndProject
Global
	GlobalSection(SolutionConfigurationPlatforms) = preSolution
		Local|Any CPU = Local|Any CPU
		Debug|Any CPU = Debug|Any CPU
		Testing|Any CPU = Testing|Any CPU
		Staging|Any CPU = Staging|Any CPU
		Production|Any CPU = Production|Any CPU
		Release|Any CPU = Release|Any CPU
	EndGlobalSection
	GlobalSection(ProjectConfigurationPlatforms) = postSolution
		{750F961B-75A1-45F7-AB0D-AB4F512F6F78}.Local|Any CPU.ActiveCfg = Local|Any CPU
		{750F961B-75A1-45F7-AB0D-AB4F512F6F78}.Local|Any CPU.Build.0 = Local|Any CPU
		{750F961B-75A1-45F7-AB0D-AB4F512F6F78}.Debug|Any CPU.ActiveCfg = Debug|Any CPU
		{750F961B-75A1-45F7-AB0D-AB4F512F6F78}.Debug|Any CPU.Build.0 = Debug|Any CPU
		{750F961B-75A1-45F7-AB0D-AB4F512F6F78}.Testing|Any CPU.ActiveCfg = Testing|Any CPU
		{750F961B-75A1-45F7-AB0D-AB4F512F6F78}.Testing|Any CPU.Build.0 = Testing|Any CPU
		{750F961B-75A1-45F7-AB0D-AB4F512F6F78}.Staging|Any CPU.ActiveCfg = Staging|Any CPU
		{750F961B-75A1-45F7-AB0D-AB4F512F6F78}.Staging|Any CPU.Build.0 = Staging|Any CPU
		{750F961B-75A1-45F7-AB0D-AB4F512F6F78}.Production|Any CPU.ActiveCfg = Local|Any CPU
		{750F961B-75A1-45F7-AB0D-AB4F512F6F78}.Production|Any CPU.Build.0 = Local|Any CPU
		{750F961B-75A1-45F7-AB0D-AB4F512F6F78}.Release|Any CPU.ActiveCfg = Release|Any CPU
		{750F961B-75A1-45F7-AB0D-AB4F512F6F78}.Release|Any CPU.Build.0 = Release|Any CPU
		{2164C6B3-2169-4BB1-BD5D-54F5747620A1}.Local|Any CPU.ActiveCfg = Local|Any CPU
		{2164C6B3-2169-4BB1-BD5D-54F5747620A1}.Local|Any CPU.Build.0 = Local|Any CPU
		{2164C6B3-2169-4BB1-BD5D-54F5747620A1}.Debug|Any CPU.ActiveCfg = Debug|Any CPU
		{2164C6B3-2169-4BB1-BD5D-54F5747620A1}.Debug|Any CPU.Build.0 = Debug|Any CPU
		{2164C6B3-2169-4BB1-BD5D-54F5747620A1}.Testing|Any CPU.ActiveCfg = Testing|Any CPU
		{2164C6B3-2169-4BB1-BD5D-54F5747620A1}.Testing|Any CPU.Build.0 = Testing|Any CPU
		{2164C6B3-2169-4BB1-BD5D-54F5747620A1}.Staging|Any CPU.ActiveCfg = Staging|Any CPU
		{2164C6B3-2169-4BB1-BD5D-54F5747620A1}.Staging|Any CPU.Build.0 = Staging|Any CPU
		{2164C6B3-2169-4BB1-BD5D-54F5747620A1}.Production|Any CPU.ActiveCfg = Local|Any CPU
		{2164C6B3-2169-4BB1-BD5D-54F5747620A1}.Production|Any CPU.Build.0 = Local|Any CPU
		{2164C6B3-2169-4BB1-BD5D-54F5747620A1}.Release|Any CPU.ActiveCfg = Release|Any CPU
		{2164C6B3-2169-4BB1-BD5D-54F5747620A1}.Release|Any CPU.Build.0 = Release|Any CPU
		{C89DB613-5A8A-46A7-9F8E-81006C289E11}.Local|Any CPU.ActiveCfg = Local|Any CPU
		{C89DB613-5A8A-46A7-9F8E-81006C289E11}.Local|Any CPU.Build.0 = Local|Any CPU
		{C89DB613-5A8A-46A7-9F8E-81006C289E11}.Debug|Any CPU.ActiveCfg = Debug|Any CPU
		{C89DB613-5A8A-46A7-9F8E-81006C289E11}.Debug|Any CPU.Build.0 = Debug|Any CPU
		{C89DB613-5A8A-46A7-9F8E-81006C289E11}.Testing|Any CPU.ActiveCfg = Testing|Any CPU
		{C89DB613-5A8A-46A7-9F8E-81006C289E11}.Testing|Any CPU.Build.0 = Testing|Any CPU
		{C89DB613-5A8A-46A7-9F8E-81006C289E11}.Staging|Any CPU.ActiveCfg = Staging|Any CPU
		{C89DB613-5A8A-46A7-9F8E-81006C289E11}.Staging|Any CPU.Build.0 = Staging|Any CPU
		{C89DB613-5A8A-46A7-9F8E-81006C289E11}.Production|Any CPU.ActiveCfg = Local|Any CPU
		{C89DB613-5A8A-46A7-9F8E-81006C289E11}.Production|Any CPU.Build.0 = Local|Any CPU
		{C89DB613-5A8A-46A7-9F8E-81006C289E11}.Release|Any CPU.ActiveCfg = Release|Any CPU
		{C89DB613-5A8A-46A7-9F8E-81006C289E11}.Release|Any CPU.Build.0 = Release|Any CPU
	EndGlobalSection
	GlobalSection(SolutionProperties) = preSolution
		HideSolutionNode = FALSE
	EndGlobalSection
	GlobalSection(ExtensibilityGlobals) = postSolution
		SolutionGuid = {D0C8607A-3550-456C-A34B-2D04A9C1C360}
	EndGlobalSection
EndGlobal
