Microsoft Visual Studio Solution File, Format Version 12.00
#
Project("{2150E333-8FDC-42A3-9474-1A3956D46DE8}") = "Solution Items", "Solution Items", "{B283EBC2-E01F-412D-9339-FD56EF114549}"
	ProjectSection(SolutionItems) = preProject
		..\..\Directory.Build.props = ..\..\Directory.Build.props
		..\..\Directory.Build.targets = ..\..\Directory.Build.targets
		..\..\global.json = ..\..\global.json
		..\..\..\..\Packages\Versions.Local.props = ..\..\..\..\Packages\Versions.Local.props
	EndProjectSection
EndProject
Project("{FAE04EC0-301F-11D3-BF4B-00C04F79EFBC}") = "Telegram.Identity", "Telegram.Identity.csproj", "{4DEAAC11-E981-4FCF-84B7-DDFE5B12E919}"
EndProject
Project("{FAE04EC0-301F-11D3-BF4B-00C04F79EFBC}") = "Telegram.Constants", "..\Constants\Telegram.Constants.csproj", "{20AE0C1E-EF1B-48B5-BA69-274145FF29C4}"
EndProject
Project("{FAE04EC0-301F-11D3-BF4B-00C04F79EFBC}") = "Telegram.Bot.Extensions", "..\Bot.Extensions\Telegram.Bot.Extensions.csproj", "{1952EA02-98AE-41DA-863A-428C53517312}"
EndProject
Global
	GlobalSection(SolutionConfigurationPlatforms) = preSolution
		Local|Any CPU = Local|Any CPU
		Debug|Any CPU = Debug|Any CPU
		Testing|Any CPU = Testing|Any CPU
		Staging|Any CPU = Staging|Any CPU
		Production|Any CPU = Production|Any CPU
		Release|Any CPU = Release|Any CPU
	EndGlobalSection
	GlobalSection(ProjectConfigurationPlatforms) = postSolution
		{4DEAAC11-E981-4FCF-84B7-DDFE5B12E919}.Local|Any CPU.ActiveCfg = Local|Any CPU
		{4DEAAC11-E981-4FCF-84B7-DDFE5B12E919}.Local|Any CPU.Build.0 = Local|Any CPU
		{4DEAAC11-E981-4FCF-84B7-DDFE5B12E919}.Debug|Any CPU.ActiveCfg = Debug|Any CPU
		{4DEAAC11-E981-4FCF-84B7-DDFE5B12E919}.Debug|Any CPU.Build.0 = Debug|Any CPU
		{4DEAAC11-E981-4FCF-84B7-DDFE5B12E919}.Testing|Any CPU.ActiveCfg = Testing|Any CPU
		{4DEAAC11-E981-4FCF-84B7-DDFE5B12E919}.Testing|Any CPU.Build.0 = Testing|Any CPU
		{4DEAAC11-E981-4FCF-84B7-DDFE5B12E919}.Staging|Any CPU.ActiveCfg = Staging|Any CPU
		{4DEAAC11-E981-4FCF-84B7-DDFE5B12E919}.Staging|Any CPU.Build.0 = Staging|Any CPU
		{4DEAAC11-E981-4FCF-84B7-DDFE5B12E919}.Production|Any CPU.ActiveCfg = Local|Any CPU
		{4DEAAC11-E981-4FCF-84B7-DDFE5B12E919}.Production|Any CPU.Build.0 = Local|Any CPU
		{4DEAAC11-E981-4FCF-84B7-DDFE5B12E919}.Release|Any CPU.ActiveCfg = Release|Any CPU
		{4DEAAC11-E981-4FCF-84B7-DDFE5B12E919}.Release|Any CPU.Build.0 = Release|Any CPU
		{20AE0C1E-EF1B-48B5-BA69-274145FF29C4}.Local|Any CPU.ActiveCfg = Local|Any CPU
		{20AE0C1E-EF1B-48B5-BA69-274145FF29C4}.Local|Any CPU.Build.0 = Local|Any CPU
		{20AE0C1E-EF1B-48B5-BA69-274145FF29C4}.Debug|Any CPU.ActiveCfg = Debug|Any CPU
		{20AE0C1E-EF1B-48B5-BA69-274145FF29C4}.Debug|Any CPU.Build.0 = Debug|Any CPU
		{20AE0C1E-EF1B-48B5-BA69-274145FF29C4}.Testing|Any CPU.ActiveCfg = Testing|Any CPU
		{20AE0C1E-EF1B-48B5-BA69-274145FF29C4}.Testing|Any CPU.Build.0 = Testing|Any CPU
		{20AE0C1E-EF1B-48B5-BA69-274145FF29C4}.Staging|Any CPU.ActiveCfg = Staging|Any CPU
		{20AE0C1E-EF1B-48B5-BA69-274145FF29C4}.Staging|Any CPU.Build.0 = Staging|Any CPU
		{20AE0C1E-EF1B-48B5-BA69-274145FF29C4}.Production|Any CPU.ActiveCfg = Local|Any CPU
		{20AE0C1E-EF1B-48B5-BA69-274145FF29C4}.Production|Any CPU.Build.0 = Local|Any CPU
		{20AE0C1E-EF1B-48B5-BA69-274145FF29C4}.Release|Any CPU.ActiveCfg = Release|Any CPU
		{20AE0C1E-EF1B-48B5-BA69-274145FF29C4}.Release|Any CPU.Build.0 = Release|Any CPU
		{1952EA02-98AE-41DA-863A-428C53517312}.Local|Any CPU.ActiveCfg = Local|Any CPU
		{1952EA02-98AE-41DA-863A-428C53517312}.Local|Any CPU.Build.0 = Local|Any CPU
		{1952EA02-98AE-41DA-863A-428C53517312}.Debug|Any CPU.ActiveCfg = Debug|Any CPU
		{1952EA02-98AE-41DA-863A-428C53517312}.Debug|Any CPU.Build.0 = Debug|Any CPU
		{1952EA02-98AE-41DA-863A-428C53517312}.Testing|Any CPU.ActiveCfg = Testing|Any CPU
		{1952EA02-98AE-41DA-863A-428C53517312}.Testing|Any CPU.Build.0 = Testing|Any CPU
		{1952EA02-98AE-41DA-863A-428C53517312}.Staging|Any CPU.ActiveCfg = Staging|Any CPU
		{1952EA02-98AE-41DA-863A-428C53517312}.Staging|Any CPU.Build.0 = Staging|Any CPU
		{1952EA02-98AE-41DA-863A-428C53517312}.Production|Any CPU.ActiveCfg = Local|Any CPU
		{1952EA02-98AE-41DA-863A-428C53517312}.Production|Any CPU.Build.0 = Local|Any CPU
		{1952EA02-98AE-41DA-863A-428C53517312}.Release|Any CPU.ActiveCfg = Release|Any CPU
		{1952EA02-98AE-41DA-863A-428C53517312}.Release|Any CPU.Build.0 = Release|Any CPU
	EndGlobalSection
	GlobalSection(SolutionProperties) = preSolution
		HideSolutionNode = FALSE
	EndGlobalSection
	GlobalSection(ExtensibilityGlobals) = postSolution
		SolutionGuid = {D0C8607A-3550-456C-A34B-2D04A9C1C360}
	EndGlobalSection
EndGlobal
