Microsoft Visual Studio Solution File, Format Version 12.00
# 
Project("{2150E333-8FDC-42A3-9474-1A3956D46DE8}") = "Solution Items", "Solution Items", "{B283EBC2-E01F-412D-9339-FD56EF114549}"
	ProjectSection(SolutionItems) = preProject
		..\..\..\Directory.Build.props = ..\..\..\Directory.Build.props
		..\..\..\Directory.Build.targets = ..\..\..\Directory.Build.targets
		..\..\..\global.json = ..\..\..\global.json
		..\..\..\..\..\Packages\Versions.Local.props = ..\..\..\..\..\Packages\Versions.Local.props
	EndProjectSection
EndProject
Project("{FAE04EC0-301F-11D3-BF4B-00C04F79EFBC}") = "Telegram.Bots.Abstractions", "..\Abstractions\Telegram.Bots.Abstractions.csproj", "{C13A9A98-3CB3-489F-BD49-BD0CB9C3F293}"
EndProject
Project("{FAE04EC0-301F-11D3-BF4B-00C04F79EFBC}") = "Telegram.Bot.Extensions", "..\..\Bot.Extensions\Telegram.Bot.Extensions.csproj", "{5CAFC571-9ABB-4CCE-90FC-E4E6A0E39C6A}"
EndProject
Project("{FAE04EC0-301F-11D3-BF4B-00C04F79EFBC}") = "Telegram.Constants", "..\..\Constants\Telegram.Constants.csproj", "{EB811427-67A9-4E96-A5D8-16277AD308C8}"
EndProject
Project("{FAE04EC0-301F-11D3-BF4B-00C04F79EFBC}") = "Telegram.Bots.Models", "Telegram.Bots.Models.csproj", "{00D67940-DF1D-4D55-9F17-4CC7A332B62D}"
EndProject
Global
	GlobalSection(SolutionConfigurationPlatforms) = preSolution
		Local|Any CPU = Local|Any CPU
		Debug|Any CPU = Debug|Any CPU
		Testing|Any CPU = Testing|Any CPU
		Staging|Any CPU = Staging|Any CPU
		Production|Any CPU = Production|Any CPU
		Release|Any CPU = Release|Any CPU
	EndGlobalSection
	GlobalSection(ProjectConfigurationPlatforms) = postSolution
		{C13A9A98-3CB3-489F-BD49-BD0CB9C3F293}.Local|Any CPU.ActiveCfg = Local|Any CPU
		{C13A9A98-3CB3-489F-BD49-BD0CB9C3F293}.Local|Any CPU.Build.0 = Local|Any CPU
		{C13A9A98-3CB3-489F-BD49-BD0CB9C3F293}.Debug|Any CPU.ActiveCfg = Debug|Any CPU
		{C13A9A98-3CB3-489F-BD49-BD0CB9C3F293}.Debug|Any CPU.Build.0 = Debug|Any CPU
		{C13A9A98-3CB3-489F-BD49-BD0CB9C3F293}.Testing|Any CPU.ActiveCfg = Testing|Any CPU
		{C13A9A98-3CB3-489F-BD49-BD0CB9C3F293}.Testing|Any CPU.Build.0 = Testing|Any CPU
		{C13A9A98-3CB3-489F-BD49-BD0CB9C3F293}.Staging|Any CPU.ActiveCfg = Staging|Any CPU
		{C13A9A98-3CB3-489F-BD49-BD0CB9C3F293}.Staging|Any CPU.Build.0 = Staging|Any CPU
		{C13A9A98-3CB3-489F-BD49-BD0CB9C3F293}.Production|Any CPU.ActiveCfg = Local|Any CPU
		{C13A9A98-3CB3-489F-BD49-BD0CB9C3F293}.Production|Any CPU.Build.0 = Local|Any CPU
		{C13A9A98-3CB3-489F-BD49-BD0CB9C3F293}.Release|Any CPU.ActiveCfg = Release|Any CPU
		{C13A9A98-3CB3-489F-BD49-BD0CB9C3F293}.Release|Any CPU.Build.0 = Release|Any CPU
		{5CAFC571-9ABB-4CCE-90FC-E4E6A0E39C6A}.Local|Any CPU.ActiveCfg = Local|Any CPU
		{5CAFC571-9ABB-4CCE-90FC-E4E6A0E39C6A}.Local|Any CPU.Build.0 = Local|Any CPU
		{5CAFC571-9ABB-4CCE-90FC-E4E6A0E39C6A}.Debug|Any CPU.ActiveCfg = Debug|Any CPU
		{5CAFC571-9ABB-4CCE-90FC-E4E6A0E39C6A}.Debug|Any CPU.Build.0 = Debug|Any CPU
		{5CAFC571-9ABB-4CCE-90FC-E4E6A0E39C6A}.Testing|Any CPU.ActiveCfg = Testing|Any CPU
		{5CAFC571-9ABB-4CCE-90FC-E4E6A0E39C6A}.Testing|Any CPU.Build.0 = Testing|Any CPU
		{5CAFC571-9ABB-4CCE-90FC-E4E6A0E39C6A}.Staging|Any CPU.ActiveCfg = Staging|Any CPU
		{5CAFC571-9ABB-4CCE-90FC-E4E6A0E39C6A}.Staging|Any CPU.Build.0 = Staging|Any CPU
		{5CAFC571-9ABB-4CCE-90FC-E4E6A0E39C6A}.Production|Any CPU.ActiveCfg = Local|Any CPU
		{5CAFC571-9ABB-4CCE-90FC-E4E6A0E39C6A}.Production|Any CPU.Build.0 = Local|Any CPU
		{5CAFC571-9ABB-4CCE-90FC-E4E6A0E39C6A}.Release|Any CPU.ActiveCfg = Release|Any CPU
		{5CAFC571-9ABB-4CCE-90FC-E4E6A0E39C6A}.Release|Any CPU.Build.0 = Release|Any CPU
		{EB811427-67A9-4E96-A5D8-16277AD308C8}.Local|Any CPU.ActiveCfg = Local|Any CPU
		{EB811427-67A9-4E96-A5D8-16277AD308C8}.Local|Any CPU.Build.0 = Local|Any CPU
		{EB811427-67A9-4E96-A5D8-16277AD308C8}.Debug|Any CPU.ActiveCfg = Debug|Any CPU
		{EB811427-67A9-4E96-A5D8-16277AD308C8}.Debug|Any CPU.Build.0 = Debug|Any CPU
		{EB811427-67A9-4E96-A5D8-16277AD308C8}.Testing|Any CPU.ActiveCfg = Testing|Any CPU
		{EB811427-67A9-4E96-A5D8-16277AD308C8}.Testing|Any CPU.Build.0 = Testing|Any CPU
		{EB811427-67A9-4E96-A5D8-16277AD308C8}.Staging|Any CPU.ActiveCfg = Staging|Any CPU
		{EB811427-67A9-4E96-A5D8-16277AD308C8}.Staging|Any CPU.Build.0 = Staging|Any CPU
		{EB811427-67A9-4E96-A5D8-16277AD308C8}.Production|Any CPU.ActiveCfg = Local|Any CPU
		{EB811427-67A9-4E96-A5D8-16277AD308C8}.Production|Any CPU.Build.0 = Local|Any CPU
		{EB811427-67A9-4E96-A5D8-16277AD308C8}.Release|Any CPU.ActiveCfg = Release|Any CPU
		{EB811427-67A9-4E96-A5D8-16277AD308C8}.Release|Any CPU.Build.0 = Release|Any CPU
		{00D67940-DF1D-4D55-9F17-4CC7A332B62D}.Local|Any CPU.ActiveCfg = Local|Any CPU
		{00D67940-DF1D-4D55-9F17-4CC7A332B62D}.Local|Any CPU.Build.0 = Local|Any CPU
		{00D67940-DF1D-4D55-9F17-4CC7A332B62D}.Debug|Any CPU.ActiveCfg = Debug|Any CPU
		{00D67940-DF1D-4D55-9F17-4CC7A332B62D}.Debug|Any CPU.Build.0 = Debug|Any CPU
		{00D67940-DF1D-4D55-9F17-4CC7A332B62D}.Testing|Any CPU.ActiveCfg = Testing|Any CPU
		{00D67940-DF1D-4D55-9F17-4CC7A332B62D}.Testing|Any CPU.Build.0 = Testing|Any CPU
		{00D67940-DF1D-4D55-9F17-4CC7A332B62D}.Staging|Any CPU.ActiveCfg = Staging|Any CPU
		{00D67940-DF1D-4D55-9F17-4CC7A332B62D}.Staging|Any CPU.Build.0 = Staging|Any CPU
		{00D67940-DF1D-4D55-9F17-4CC7A332B62D}.Production|Any CPU.ActiveCfg = Local|Any CPU
		{00D67940-DF1D-4D55-9F17-4CC7A332B62D}.Production|Any CPU.Build.0 = Local|Any CPU
		{00D67940-DF1D-4D55-9F17-4CC7A332B62D}.Release|Any CPU.ActiveCfg = Release|Any CPU
		{00D67940-DF1D-4D55-9F17-4CC7A332B62D}.Release|Any CPU.Build.0 = Release|Any CPU
	EndGlobalSection
	GlobalSection(SolutionProperties) = preSolution
		HideSolutionNode = FALSE
	EndGlobalSection
	GlobalSection(ExtensibilityGlobals) = postSolution
		SolutionGuid = {67939DBE-28ED-436A-A4B4-564C017DEE7E}
	EndGlobalSection
EndGlobal
