Microsoft Visual Studio Solution File, Format Version 12.00
# 
Project("{2150E333-8FDC-42A3-9474-1A3956D46DE8}") = "Solution Items", "Solution Items", "{B283EBC2-E01F-412D-9339-FD56EF114549}"
	ProjectSection(SolutionItems) = preProject
		..\..\Directory.Build.props = ..\..\Directory.Build.props
		..\..\Directory.Build.targets = ..\..\Directory.Build.targets
		..\..\global.json = ..\..\global.json
		..\..\..\..\Packages\Versions.Local.props = ..\..\..\..\Packages\Versions.Local.props
	EndProjectSection
EndProject
Project("{FAE04EC0-301F-11D3-BF4B-00C04F79EFBC}") = "Telegram.Bots.Models", "Models\Telegram.Bots.Models.csproj", "{3FEBBBBB-4C9D-4A63-B117-6E4A9F8E862A}"
EndProject
Project("{FAE04EC0-301F-11D3-BF4B-00C04F79EFBC}") = "Telegram.Bots.Abstractions", "Abstractions\Telegram.Bots.Abstractions.csproj", "{5E9EB17E-8382-4C9A-9AB1-C8E2FDB53BDB}"
EndProject
Project("{FAE04EC0-301F-11D3-BF4B-00C04F79EFBC}") = "Telegram.Constants", "..\Constants\Telegram.Constants.csproj", "{D6468B50-5A4C-43E4-AAB6-D0E853C5A101}"
EndProject
Project("{FAE04EC0-301F-11D3-BF4B-00C04F79EFBC}") = "Telegram.Bots.EntityFrameworkCore", "Telegram.Bots.EntityFrameworkCore.csproj", "{0FDC6F1B-F108-4DB5-A618-06B0D1A6F014}"
EndProject
Global
	GlobalSection(SolutionConfigurationPlatforms) = preSolution
		Local|Any CPU = Local|Any CPU
		Debug|Any CPU = Debug|Any CPU
		Testing|Any CPU = Testing|Any CPU
		Staging|Any CPU = Staging|Any CPU
		Production|Any CPU = Production|Any CPU
		Release|Any CPU = Release|Any CPU
	EndGlobalSection
	GlobalSection(ProjectConfigurationPlatforms) = postSolution
		{3FEBBBBB-4C9D-4A63-B117-6E4A9F8E862A}.Local|Any CPU.ActiveCfg = Local|Any CPU
		{3FEBBBBB-4C9D-4A63-B117-6E4A9F8E862A}.Local|Any CPU.Build.0 = Local|Any CPU
		{3FEBBBBB-4C9D-4A63-B117-6E4A9F8E862A}.Debug|Any CPU.ActiveCfg = Debug|Any CPU
		{3FEBBBBB-4C9D-4A63-B117-6E4A9F8E862A}.Debug|Any CPU.Build.0 = Debug|Any CPU
		{3FEBBBBB-4C9D-4A63-B117-6E4A9F8E862A}.Testing|Any CPU.ActiveCfg = Testing|Any CPU
		{3FEBBBBB-4C9D-4A63-B117-6E4A9F8E862A}.Testing|Any CPU.Build.0 = Testing|Any CPU
		{3FEBBBBB-4C9D-4A63-B117-6E4A9F8E862A}.Staging|Any CPU.ActiveCfg = Staging|Any CPU
		{3FEBBBBB-4C9D-4A63-B117-6E4A9F8E862A}.Staging|Any CPU.Build.0 = Staging|Any CPU
		{3FEBBBBB-4C9D-4A63-B117-6E4A9F8E862A}.Production|Any CPU.ActiveCfg = Local|Any CPU
		{3FEBBBBB-4C9D-4A63-B117-6E4A9F8E862A}.Production|Any CPU.Build.0 = Local|Any CPU
		{3FEBBBBB-4C9D-4A63-B117-6E4A9F8E862A}.Release|Any CPU.ActiveCfg = Release|Any CPU
		{3FEBBBBB-4C9D-4A63-B117-6E4A9F8E862A}.Release|Any CPU.Build.0 = Release|Any CPU
		{5E9EB17E-8382-4C9A-9AB1-C8E2FDB53BDB}.Local|Any CPU.ActiveCfg = Local|Any CPU
		{5E9EB17E-8382-4C9A-9AB1-C8E2FDB53BDB}.Local|Any CPU.Build.0 = Local|Any CPU
		{5E9EB17E-8382-4C9A-9AB1-C8E2FDB53BDB}.Debug|Any CPU.ActiveCfg = Debug|Any CPU
		{5E9EB17E-8382-4C9A-9AB1-C8E2FDB53BDB}.Debug|Any CPU.Build.0 = Debug|Any CPU
		{5E9EB17E-8382-4C9A-9AB1-C8E2FDB53BDB}.Testing|Any CPU.ActiveCfg = Testing|Any CPU
		{5E9EB17E-8382-4C9A-9AB1-C8E2FDB53BDB}.Testing|Any CPU.Build.0 = Testing|Any CPU
		{5E9EB17E-8382-4C9A-9AB1-C8E2FDB53BDB}.Staging|Any CPU.ActiveCfg = Staging|Any CPU
		{5E9EB17E-8382-4C9A-9AB1-C8E2FDB53BDB}.Staging|Any CPU.Build.0 = Staging|Any CPU
		{5E9EB17E-8382-4C9A-9AB1-C8E2FDB53BDB}.Production|Any CPU.ActiveCfg = Local|Any CPU
		{5E9EB17E-8382-4C9A-9AB1-C8E2FDB53BDB}.Production|Any CPU.Build.0 = Local|Any CPU
		{5E9EB17E-8382-4C9A-9AB1-C8E2FDB53BDB}.Release|Any CPU.ActiveCfg = Release|Any CPU
		{5E9EB17E-8382-4C9A-9AB1-C8E2FDB53BDB}.Release|Any CPU.Build.0 = Release|Any CPU
		{D6468B50-5A4C-43E4-AAB6-D0E853C5A101}.Local|Any CPU.ActiveCfg = Local|Any CPU
		{D6468B50-5A4C-43E4-AAB6-D0E853C5A101}.Local|Any CPU.Build.0 = Local|Any CPU
		{D6468B50-5A4C-43E4-AAB6-D0E853C5A101}.Debug|Any CPU.ActiveCfg = Debug|Any CPU
		{D6468B50-5A4C-43E4-AAB6-D0E853C5A101}.Debug|Any CPU.Build.0 = Debug|Any CPU
		{D6468B50-5A4C-43E4-AAB6-D0E853C5A101}.Testing|Any CPU.ActiveCfg = Testing|Any CPU
		{D6468B50-5A4C-43E4-AAB6-D0E853C5A101}.Testing|Any CPU.Build.0 = Testing|Any CPU
		{D6468B50-5A4C-43E4-AAB6-D0E853C5A101}.Staging|Any CPU.ActiveCfg = Staging|Any CPU
		{D6468B50-5A4C-43E4-AAB6-D0E853C5A101}.Staging|Any CPU.Build.0 = Staging|Any CPU
		{D6468B50-5A4C-43E4-AAB6-D0E853C5A101}.Production|Any CPU.ActiveCfg = Local|Any CPU
		{D6468B50-5A4C-43E4-AAB6-D0E853C5A101}.Production|Any CPU.Build.0 = Local|Any CPU
		{D6468B50-5A4C-43E4-AAB6-D0E853C5A101}.Release|Any CPU.ActiveCfg = Release|Any CPU
		{D6468B50-5A4C-43E4-AAB6-D0E853C5A101}.Release|Any CPU.Build.0 = Release|Any CPU
		{0FDC6F1B-F108-4DB5-A618-06B0D1A6F014}.Local|Any CPU.ActiveCfg = Local|Any CPU
		{0FDC6F1B-F108-4DB5-A618-06B0D1A6F014}.Local|Any CPU.Build.0 = Local|Any CPU
		{0FDC6F1B-F108-4DB5-A618-06B0D1A6F014}.Debug|Any CPU.ActiveCfg = Debug|Any CPU
		{0FDC6F1B-F108-4DB5-A618-06B0D1A6F014}.Debug|Any CPU.Build.0 = Debug|Any CPU
		{0FDC6F1B-F108-4DB5-A618-06B0D1A6F014}.Testing|Any CPU.ActiveCfg = Testing|Any CPU
		{0FDC6F1B-F108-4DB5-A618-06B0D1A6F014}.Testing|Any CPU.Build.0 = Testing|Any CPU
		{0FDC6F1B-F108-4DB5-A618-06B0D1A6F014}.Staging|Any CPU.ActiveCfg = Staging|Any CPU
		{0FDC6F1B-F108-4DB5-A618-06B0D1A6F014}.Staging|Any CPU.Build.0 = Staging|Any CPU
		{0FDC6F1B-F108-4DB5-A618-06B0D1A6F014}.Production|Any CPU.ActiveCfg = Local|Any CPU
		{0FDC6F1B-F108-4DB5-A618-06B0D1A6F014}.Production|Any CPU.Build.0 = Local|Any CPU
		{0FDC6F1B-F108-4DB5-A618-06B0D1A6F014}.Release|Any CPU.ActiveCfg = Release|Any CPU
		{0FDC6F1B-F108-4DB5-A618-06B0D1A6F014}.Release|Any CPU.Build.0 = Release|Any CPU
	EndGlobalSection
	GlobalSection(SolutionProperties) = preSolution
		HideSolutionNode = FALSE
	EndGlobalSection
	GlobalSection(ExtensibilityGlobals) = postSolution
		SolutionGuid = {1FE1DB23-EC5A-40A9-82AC-28907402DC71}
	EndGlobalSection
EndGlobal
