Microsoft Visual Studio Solution File, Format Version 12.00
# 
Project("{2150E333-8FDC-42A3-9474-1A3956D46DE8}") = "Solution Items", "Solution Items", "{B283EBC2-E01F-412D-9339-FD56EF114549}"
	ProjectSection(SolutionItems) = preProject
		..\Directory.Build.props = ..\Directory.Build.props
		..\..\..\Directory.Build.targets = ..\..\..\Directory.Build.targets
		..\..\..\global.json = ..\..\..\global.json
		..\..\..\..\..\Packages\Versions.Local.props = ..\..\..\..\..\Packages\Versions.Local.props
	EndProjectSection
EndProject
Project("{FAE04EC0-301F-11D3-BF4B-00C04F79EFBC}") = "Telegram.UserBot.Models", "Telegram.UserBot.Models.csproj", "{6238F411-A4E0-4FD4-BF75-F8179119DF0C}"
EndProject
Global
	GlobalSection(SolutionConfigurationPlatforms) = preSolution
		Local|Any CPU = Local|Any CPU
		Debug|Any CPU = Debug|Any CPU
		Testing|Any CPU = Testing|Any CPU
		Staging|Any CPU = Staging|Any CPU
		Production|Any CPU = Production|Any CPU
		Release|Any CPU = Release|Any CPU
	EndGlobalSection
	GlobalSection(ProjectConfigurationPlatforms) = postSolution
		{6238F411-A4E0-4FD4-BF75-F8179119DF0C}.Local|Any CPU.ActiveCfg = Local|Any CPU
		{6238F411-A4E0-4FD4-BF75-F8179119DF0C}.Local|Any CPU.Build.0 = Local|Any CPU
		{6238F411-A4E0-4FD4-BF75-F8179119DF0C}.Debug|Any CPU.ActiveCfg = Debug|Any CPU
		{6238F411-A4E0-4FD4-BF75-F8179119DF0C}.Debug|Any CPU.Build.0 = Debug|Any CPU
		{6238F411-A4E0-4FD4-BF75-F8179119DF0C}.Testing|Any CPU.ActiveCfg = Testing|Any CPU
		{6238F411-A4E0-4FD4-BF75-F8179119DF0C}.Testing|Any CPU.Build.0 = Testing|Any CPU
		{6238F411-A4E0-4FD4-BF75-F8179119DF0C}.Staging|Any CPU.ActiveCfg = Staging|Any CPU
		{6238F411-A4E0-4FD4-BF75-F8179119DF0C}.Staging|Any CPU.Build.0 = Staging|Any CPU
		{6238F411-A4E0-4FD4-BF75-F8179119DF0C}.Production|Any CPU.ActiveCfg = Local|Any CPU
		{6238F411-A4E0-4FD4-BF75-F8179119DF0C}.Production|Any CPU.Build.0 = Local|Any CPU
		{6238F411-A4E0-4FD4-BF75-F8179119DF0C}.Release|Any CPU.ActiveCfg = Release|Any CPU
		{6238F411-A4E0-4FD4-BF75-F8179119DF0C}.Release|Any CPU.Build.0 = Release|Any CPU
	EndGlobalSection
	GlobalSection(SolutionProperties) = preSolution
		HideSolutionNode = FALSE
	EndGlobalSection
	GlobalSection(ExtensibilityGlobals) = postSolution
		SolutionGuid = {34AEC6E0-26BA-4EC9-BC2B-324A902A941D}
	EndGlobalSection
EndGlobal
