Microsoft Visual Studio Solution File, Format Version 12.00
# 
Project("{2150E333-8FDC-42A3-9474-1A3956D46DE8}") = "Solution Items", "Solution Items", "{B283EBC2-E01F-412D-9339-FD56EF114549}"
	ProjectSection(SolutionItems) = preProject
		..\..\Directory.Build.props = ..\..\Directory.Build.props
		..\..\Directory.Build.targets = ..\..\Directory.Build.targets
		..\..\global.json = ..\..\global.json
		..\..\..\..\Packages\Versions.Local.props = ..\..\..\..\Packages\Versions.Local.props
	EndProjectSection
EndProject
Project("{FAE04EC0-301F-11D3-BF4B-00C04F79EFBC}") = "Telegram.Bot.Extensions", "..\Bot.Extensions\Telegram.Bot.Extensions.csproj", "{CE742D4D-0761-4609-84DF-591A3E598336}"
EndProject
Project("{FAE04EC0-301F-11D3-BF4B-00C04F79EFBC}") = "Telegram.LoginWidget", "..\LoginWidget\Telegram.LoginWidget.csproj", "{169BF5E9-4AAF-4B7C-9409-A23DC42C17CF}"
EndProject
Project("{FAE04EC0-301F-11D3-BF4B-00C04F79EFBC}") = "Telegram.AspNetCore.Authentication", "..\Authentication\Telegram.AspNetCore.Authentication.csproj", "{44B88A61-315F-49DC-B2F1-1E4F8641A242}"
EndProject
Project("{FAE04EC0-301F-11D3-BF4B-00C04F79EFBC}") = "Telegram.Identity", "..\Identity\Telegram.Identity.csproj", "{58DBB891-CCD0-43B5-A4CF-D3FAEEAA26A6}"
EndProject
Project("{FAE04EC0-301F-11D3-BF4B-00C04F79EFBC}") = "Telegram.OpenIdConnect.Server", "Telegram.OpenIdConnect.Server.csproj", "{5147FE89-DCA8-49A7-AED4-A25A91609B36}"
EndProject
Global
	GlobalSection(SolutionConfigurationPlatforms) = preSolution
		Local|Any CPU = Local|Any CPU
		Debug|Any CPU = Debug|Any CPU
		Testing|Any CPU = Testing|Any CPU
		Staging|Any CPU = Staging|Any CPU
		Production|Any CPU = Production|Any CPU
		Release|Any CPU = Release|Any CPU
	EndGlobalSection
	GlobalSection(ProjectConfigurationPlatforms) = postSolution
		{CE742D4D-0761-4609-84DF-591A3E598336}.Local|Any CPU.ActiveCfg = Local|Any CPU
		{CE742D4D-0761-4609-84DF-591A3E598336}.Local|Any CPU.Build.0 = Local|Any CPU
		{CE742D4D-0761-4609-84DF-591A3E598336}.Debug|Any CPU.ActiveCfg = Debug|Any CPU
		{CE742D4D-0761-4609-84DF-591A3E598336}.Debug|Any CPU.Build.0 = Debug|Any CPU
		{CE742D4D-0761-4609-84DF-591A3E598336}.Testing|Any CPU.ActiveCfg = Testing|Any CPU
		{CE742D4D-0761-4609-84DF-591A3E598336}.Testing|Any CPU.Build.0 = Testing|Any CPU
		{CE742D4D-0761-4609-84DF-591A3E598336}.Staging|Any CPU.ActiveCfg = Staging|Any CPU
		{CE742D4D-0761-4609-84DF-591A3E598336}.Staging|Any CPU.Build.0 = Staging|Any CPU
		{CE742D4D-0761-4609-84DF-591A3E598336}.Production|Any CPU.ActiveCfg = Local|Any CPU
		{CE742D4D-0761-4609-84DF-591A3E598336}.Production|Any CPU.Build.0 = Local|Any CPU
		{CE742D4D-0761-4609-84DF-591A3E598336}.Release|Any CPU.ActiveCfg = Release|Any CPU
		{CE742D4D-0761-4609-84DF-591A3E598336}.Release|Any CPU.Build.0 = Release|Any CPU
		{169BF5E9-4AAF-4B7C-9409-A23DC42C17CF}.Local|Any CPU.ActiveCfg = Local|Any CPU
		{169BF5E9-4AAF-4B7C-9409-A23DC42C17CF}.Local|Any CPU.Build.0 = Local|Any CPU
		{169BF5E9-4AAF-4B7C-9409-A23DC42C17CF}.Debug|Any CPU.ActiveCfg = Debug|Any CPU
		{169BF5E9-4AAF-4B7C-9409-A23DC42C17CF}.Debug|Any CPU.Build.0 = Debug|Any CPU
		{169BF5E9-4AAF-4B7C-9409-A23DC42C17CF}.Testing|Any CPU.ActiveCfg = Testing|Any CPU
		{169BF5E9-4AAF-4B7C-9409-A23DC42C17CF}.Testing|Any CPU.Build.0 = Testing|Any CPU
		{169BF5E9-4AAF-4B7C-9409-A23DC42C17CF}.Staging|Any CPU.ActiveCfg = Staging|Any CPU
		{169BF5E9-4AAF-4B7C-9409-A23DC42C17CF}.Staging|Any CPU.Build.0 = Staging|Any CPU
		{169BF5E9-4AAF-4B7C-9409-A23DC42C17CF}.Production|Any CPU.ActiveCfg = Local|Any CPU
		{169BF5E9-4AAF-4B7C-9409-A23DC42C17CF}.Production|Any CPU.Build.0 = Local|Any CPU
		{169BF5E9-4AAF-4B7C-9409-A23DC42C17CF}.Release|Any CPU.ActiveCfg = Release|Any CPU
		{169BF5E9-4AAF-4B7C-9409-A23DC42C17CF}.Release|Any CPU.Build.0 = Release|Any CPU
		{44B88A61-315F-49DC-B2F1-1E4F8641A242}.Local|Any CPU.ActiveCfg = Local|Any CPU
		{44B88A61-315F-49DC-B2F1-1E4F8641A242}.Local|Any CPU.Build.0 = Local|Any CPU
		{44B88A61-315F-49DC-B2F1-1E4F8641A242}.Debug|Any CPU.ActiveCfg = Debug|Any CPU
		{44B88A61-315F-49DC-B2F1-1E4F8641A242}.Debug|Any CPU.Build.0 = Debug|Any CPU
		{44B88A61-315F-49DC-B2F1-1E4F8641A242}.Testing|Any CPU.ActiveCfg = Testing|Any CPU
		{44B88A61-315F-49DC-B2F1-1E4F8641A242}.Testing|Any CPU.Build.0 = Testing|Any CPU
		{44B88A61-315F-49DC-B2F1-1E4F8641A242}.Staging|Any CPU.ActiveCfg = Staging|Any CPU
		{44B88A61-315F-49DC-B2F1-1E4F8641A242}.Staging|Any CPU.Build.0 = Staging|Any CPU
		{44B88A61-315F-49DC-B2F1-1E4F8641A242}.Production|Any CPU.ActiveCfg = Local|Any CPU
		{44B88A61-315F-49DC-B2F1-1E4F8641A242}.Production|Any CPU.Build.0 = Local|Any CPU
		{44B88A61-315F-49DC-B2F1-1E4F8641A242}.Release|Any CPU.ActiveCfg = Release|Any CPU
		{44B88A61-315F-49DC-B2F1-1E4F8641A242}.Release|Any CPU.Build.0 = Release|Any CPU
		{58DBB891-CCD0-43B5-A4CF-D3FAEEAA26A6}.Local|Any CPU.ActiveCfg = Local|Any CPU
		{58DBB891-CCD0-43B5-A4CF-D3FAEEAA26A6}.Local|Any CPU.Build.0 = Local|Any CPU
		{58DBB891-CCD0-43B5-A4CF-D3FAEEAA26A6}.Debug|Any CPU.ActiveCfg = Debug|Any CPU
		{58DBB891-CCD0-43B5-A4CF-D3FAEEAA26A6}.Debug|Any CPU.Build.0 = Debug|Any CPU
		{58DBB891-CCD0-43B5-A4CF-D3FAEEAA26A6}.Testing|Any CPU.ActiveCfg = Testing|Any CPU
		{58DBB891-CCD0-43B5-A4CF-D3FAEEAA26A6}.Testing|Any CPU.Build.0 = Testing|Any CPU
		{58DBB891-CCD0-43B5-A4CF-D3FAEEAA26A6}.Staging|Any CPU.ActiveCfg = Staging|Any CPU
		{58DBB891-CCD0-43B5-A4CF-D3FAEEAA26A6}.Staging|Any CPU.Build.0 = Staging|Any CPU
		{58DBB891-CCD0-43B5-A4CF-D3FAEEAA26A6}.Production|Any CPU.ActiveCfg = Local|Any CPU
		{58DBB891-CCD0-43B5-A4CF-D3FAEEAA26A6}.Production|Any CPU.Build.0 = Local|Any CPU
		{58DBB891-CCD0-43B5-A4CF-D3FAEEAA26A6}.Release|Any CPU.ActiveCfg = Release|Any CPU
		{58DBB891-CCD0-43B5-A4CF-D3FAEEAA26A6}.Release|Any CPU.Build.0 = Release|Any CPU
		{5147FE89-DCA8-49A7-AED4-A25A91609B36}.Local|Any CPU.ActiveCfg = Local|Any CPU
		{5147FE89-DCA8-49A7-AED4-A25A91609B36}.Local|Any CPU.Build.0 = Local|Any CPU
		{5147FE89-DCA8-49A7-AED4-A25A91609B36}.Debug|Any CPU.ActiveCfg = Debug|Any CPU
		{5147FE89-DCA8-49A7-AED4-A25A91609B36}.Debug|Any CPU.Build.0 = Debug|Any CPU
		{5147FE89-DCA8-49A7-AED4-A25A91609B36}.Testing|Any CPU.ActiveCfg = Testing|Any CPU
		{5147FE89-DCA8-49A7-AED4-A25A91609B36}.Testing|Any CPU.Build.0 = Testing|Any CPU
		{5147FE89-DCA8-49A7-AED4-A25A91609B36}.Staging|Any CPU.ActiveCfg = Staging|Any CPU
		{5147FE89-DCA8-49A7-AED4-A25A91609B36}.Staging|Any CPU.Build.0 = Staging|Any CPU
		{5147FE89-DCA8-49A7-AED4-A25A91609B36}.Production|Any CPU.ActiveCfg = Local|Any CPU
		{5147FE89-DCA8-49A7-AED4-A25A91609B36}.Production|Any CPU.Build.0 = Local|Any CPU
		{5147FE89-DCA8-49A7-AED4-A25A91609B36}.Release|Any CPU.ActiveCfg = Release|Any CPU
		{5147FE89-DCA8-49A7-AED4-A25A91609B36}.Release|Any CPU.Build.0 = Release|Any CPU
	EndGlobalSection
	GlobalSection(SolutionProperties) = preSolution
		HideSolutionNode = FALSE
	EndGlobalSection
	GlobalSection(ExtensibilityGlobals) = postSolution
		SolutionGuid = {97128A27-07CF-4459-B3E4-99BD1316C938}
	EndGlobalSection
EndGlobal
