Microsoft Visual Studio Solution File, Format Version 12.00
# 
Project("{2150E333-8FDC-42A3-9474-1A3956D46DE8}") = "Solution Items", "Solution Items", "{B283EBC2-E01F-412D-9339-FD56EF114549}"
	ProjectSection(SolutionItems) = preProject
		..\Directory.Build.props = ..\Directory.Build.props
		..\..\..\Directory.Build.targets = ..\..\..\Directory.Build.targets
		..\..\..\global.json = ..\..\..\global.json
		..\..\..\..\..\Packages\Versions.Local.props = ..\..\..\..\..\Packages\Versions.Local.props
	EndProjectSection
EndProject
Project("{FAE04EC0-301F-11D3-BF4B-00C04F79EFBC}") = "Telegram.UserBot", "..\UserBot\Telegram.UserBot.csproj", "{3A4E9724-C30F-49B9-BB77-9DA740BF7E6C}"
EndProject
Project("{FAE04EC0-301F-11D3-BF4B-00C04F79EFBC}") = "Telegram.UserBot.Api", "Telegram.UserBot.Api.csproj", "{E292165E-B418-4874-BF2E-BA447FEC5869}"
EndProject
Global
	GlobalSection(SolutionConfigurationPlatforms) = preSolution
		Local|Any CPU = Local|Any CPU
		Debug|Any CPU = Debug|Any CPU
		Testing|Any CPU = Testing|Any CPU
		Staging|Any CPU = Staging|Any CPU
		Production|Any CPU = Production|Any CPU
		Release|Any CPU = Release|Any CPU
	EndGlobalSection
	GlobalSection(ProjectConfigurationPlatforms) = postSolution
		{3A4E9724-C30F-49B9-BB77-9DA740BF7E6C}.Local|Any CPU.ActiveCfg = Local|Any CPU
		{3A4E9724-C30F-49B9-BB77-9DA740BF7E6C}.Local|Any CPU.Build.0 = Local|Any CPU
		{3A4E9724-C30F-49B9-BB77-9DA740BF7E6C}.Debug|Any CPU.ActiveCfg = Debug|Any CPU
		{3A4E9724-C30F-49B9-BB77-9DA740BF7E6C}.Debug|Any CPU.Build.0 = Debug|Any CPU
		{3A4E9724-C30F-49B9-BB77-9DA740BF7E6C}.Testing|Any CPU.ActiveCfg = Testing|Any CPU
		{3A4E9724-C30F-49B9-BB77-9DA740BF7E6C}.Testing|Any CPU.Build.0 = Testing|Any CPU
		{3A4E9724-C30F-49B9-BB77-9DA740BF7E6C}.Staging|Any CPU.ActiveCfg = Staging|Any CPU
		{3A4E9724-C30F-49B9-BB77-9DA740BF7E6C}.Staging|Any CPU.Build.0 = Staging|Any CPU
		{3A4E9724-C30F-49B9-BB77-9DA740BF7E6C}.Production|Any CPU.ActiveCfg = Local|Any CPU
		{3A4E9724-C30F-49B9-BB77-9DA740BF7E6C}.Production|Any CPU.Build.0 = Local|Any CPU
		{3A4E9724-C30F-49B9-BB77-9DA740BF7E6C}.Release|Any CPU.ActiveCfg = Release|Any CPU
		{3A4E9724-C30F-49B9-BB77-9DA740BF7E6C}.Release|Any CPU.Build.0 = Release|Any CPU
		{E292165E-B418-4874-BF2E-BA447FEC5869}.Local|Any CPU.ActiveCfg = Local|Any CPU
		{E292165E-B418-4874-BF2E-BA447FEC5869}.Local|Any CPU.Build.0 = Local|Any CPU
		{E292165E-B418-4874-BF2E-BA447FEC5869}.Debug|Any CPU.ActiveCfg = Debug|Any CPU
		{E292165E-B418-4874-BF2E-BA447FEC5869}.Debug|Any CPU.Build.0 = Debug|Any CPU
		{E292165E-B418-4874-BF2E-BA447FEC5869}.Testing|Any CPU.ActiveCfg = Testing|Any CPU
		{E292165E-B418-4874-BF2E-BA447FEC5869}.Testing|Any CPU.Build.0 = Testing|Any CPU
		{E292165E-B418-4874-BF2E-BA447FEC5869}.Staging|Any CPU.ActiveCfg = Staging|Any CPU
		{E292165E-B418-4874-BF2E-BA447FEC5869}.Staging|Any CPU.Build.0 = Staging|Any CPU
		{E292165E-B418-4874-BF2E-BA447FEC5869}.Production|Any CPU.ActiveCfg = Local|Any CPU
		{E292165E-B418-4874-BF2E-BA447FEC5869}.Production|Any CPU.Build.0 = Local|Any CPU
		{E292165E-B418-4874-BF2E-BA447FEC5869}.Release|Any CPU.ActiveCfg = Release|Any CPU
		{E292165E-B418-4874-BF2E-BA447FEC5869}.Release|Any CPU.Build.0 = Release|Any CPU
	EndGlobalSection
	GlobalSection(SolutionProperties) = preSolution
		HideSolutionNode = FALSE
	EndGlobalSection
	GlobalSection(ExtensibilityGlobals) = postSolution
		SolutionGuid = {28E7587A-EA25-428B-8684-F5E47F07CC66}
	EndGlobalSection
EndGlobal
