Microsoft Visual Studio Solution File, Format Version 12.00
# 
Project("{2150E333-8FDC-42A3-9474-1A3956D46DE8}") = "Solution Items", "Solution Items", "{B283EBC2-E01F-412D-9339-FD56EF114549}"
	ProjectSection(SolutionItems) = preProject
		..\..\..\Directory.Build.props = ..\..\..\Directory.Build.props
		..\..\..\Directory.Build.targets = ..\..\..\Directory.Build.targets
		..\..\..\global.json = ..\..\..\global.json
		..\..\..\..\..\Packages\Versions.Local.props = ..\..\..\..\..\Packages\Versions.Local.props
	EndProjectSection
EndProject
Project("{FAE04EC0-301F-11D3-BF4B-00C04F79EFBC}") = "Telegram.Bot.Extensions", "..\..\Bot.Extensions\Telegram.Bot.Extensions.csproj", "{3CDB8A8D-C07C-416A-96F3-D12E8883AF37}"
EndProject
Project("{FAE04EC0-301F-11D3-BF4B-00C04F79EFBC}") = "Telegram.Constants", "..\..\Constants\Telegram.Constants.csproj", "{13441B4E-3A30-40E8-83E9-3BD508994383}"
EndProject
Project("{FAE04EC0-301F-11D3-BF4B-00C04F79EFBC}") = "Telegram.Bots.Abstractions", "Telegram.Bots.Abstractions.csproj", "{D9592474-DC33-4DA1-8EA6-4E23832E0222}"
EndProject
Global
	GlobalSection(SolutionConfigurationPlatforms) = preSolution
		Local|Any CPU = Local|Any CPU
		Debug|Any CPU = Debug|Any CPU
		Testing|Any CPU = Testing|Any CPU
		Staging|Any CPU = Staging|Any CPU
		Production|Any CPU = Production|Any CPU
		Release|Any CPU = Release|Any CPU
	EndGlobalSection
	GlobalSection(ProjectConfigurationPlatforms) = postSolution
		{3CDB8A8D-C07C-416A-96F3-D12E8883AF37}.Local|Any CPU.ActiveCfg = Local|Any CPU
		{3CDB8A8D-C07C-416A-96F3-D12E8883AF37}.Local|Any CPU.Build.0 = Local|Any CPU
		{3CDB8A8D-C07C-416A-96F3-D12E8883AF37}.Debug|Any CPU.ActiveCfg = Debug|Any CPU
		{3CDB8A8D-C07C-416A-96F3-D12E8883AF37}.Debug|Any CPU.Build.0 = Debug|Any CPU
		{3CDB8A8D-C07C-416A-96F3-D12E8883AF37}.Testing|Any CPU.ActiveCfg = Testing|Any CPU
		{3CDB8A8D-C07C-416A-96F3-D12E8883AF37}.Testing|Any CPU.Build.0 = Testing|Any CPU
		{3CDB8A8D-C07C-416A-96F3-D12E8883AF37}.Staging|Any CPU.ActiveCfg = Staging|Any CPU
		{3CDB8A8D-C07C-416A-96F3-D12E8883AF37}.Staging|Any CPU.Build.0 = Staging|Any CPU
		{3CDB8A8D-C07C-416A-96F3-D12E8883AF37}.Production|Any CPU.ActiveCfg = Local|Any CPU
		{3CDB8A8D-C07C-416A-96F3-D12E8883AF37}.Production|Any CPU.Build.0 = Local|Any CPU
		{3CDB8A8D-C07C-416A-96F3-D12E8883AF37}.Release|Any CPU.ActiveCfg = Release|Any CPU
		{3CDB8A8D-C07C-416A-96F3-D12E8883AF37}.Release|Any CPU.Build.0 = Release|Any CPU
		{13441B4E-3A30-40E8-83E9-3BD508994383}.Local|Any CPU.ActiveCfg = Local|Any CPU
		{13441B4E-3A30-40E8-83E9-3BD508994383}.Local|Any CPU.Build.0 = Local|Any CPU
		{13441B4E-3A30-40E8-83E9-3BD508994383}.Debug|Any CPU.ActiveCfg = Debug|Any CPU
		{13441B4E-3A30-40E8-83E9-3BD508994383}.Debug|Any CPU.Build.0 = Debug|Any CPU
		{13441B4E-3A30-40E8-83E9-3BD508994383}.Testing|Any CPU.ActiveCfg = Testing|Any CPU
		{13441B4E-3A30-40E8-83E9-3BD508994383}.Testing|Any CPU.Build.0 = Testing|Any CPU
		{13441B4E-3A30-40E8-83E9-3BD508994383}.Staging|Any CPU.ActiveCfg = Staging|Any CPU
		{13441B4E-3A30-40E8-83E9-3BD508994383}.Staging|Any CPU.Build.0 = Staging|Any CPU
		{13441B4E-3A30-40E8-83E9-3BD508994383}.Production|Any CPU.ActiveCfg = Local|Any CPU
		{13441B4E-3A30-40E8-83E9-3BD508994383}.Production|Any CPU.Build.0 = Local|Any CPU
		{13441B4E-3A30-40E8-83E9-3BD508994383}.Release|Any CPU.ActiveCfg = Release|Any CPU
		{13441B4E-3A30-40E8-83E9-3BD508994383}.Release|Any CPU.Build.0 = Release|Any CPU
		{D9592474-DC33-4DA1-8EA6-4E23832E0222}.Local|Any CPU.ActiveCfg = Local|Any CPU
		{D9592474-DC33-4DA1-8EA6-4E23832E0222}.Local|Any CPU.Build.0 = Local|Any CPU
		{D9592474-DC33-4DA1-8EA6-4E23832E0222}.Debug|Any CPU.ActiveCfg = Debug|Any CPU
		{D9592474-DC33-4DA1-8EA6-4E23832E0222}.Debug|Any CPU.Build.0 = Debug|Any CPU
		{D9592474-DC33-4DA1-8EA6-4E23832E0222}.Testing|Any CPU.ActiveCfg = Testing|Any CPU
		{D9592474-DC33-4DA1-8EA6-4E23832E0222}.Testing|Any CPU.Build.0 = Testing|Any CPU
		{D9592474-DC33-4DA1-8EA6-4E23832E0222}.Staging|Any CPU.ActiveCfg = Staging|Any CPU
		{D9592474-DC33-4DA1-8EA6-4E23832E0222}.Staging|Any CPU.Build.0 = Staging|Any CPU
		{D9592474-DC33-4DA1-8EA6-4E23832E0222}.Production|Any CPU.ActiveCfg = Local|Any CPU
		{D9592474-DC33-4DA1-8EA6-4E23832E0222}.Production|Any CPU.Build.0 = Local|Any CPU
		{D9592474-DC33-4DA1-8EA6-4E23832E0222}.Release|Any CPU.ActiveCfg = Release|Any CPU
		{D9592474-DC33-4DA1-8EA6-4E23832E0222}.Release|Any CPU.Build.0 = Release|Any CPU
	EndGlobalSection
	GlobalSection(SolutionProperties) = preSolution
		HideSolutionNode = FALSE
	EndGlobalSection
	GlobalSection(ExtensibilityGlobals) = postSolution
		SolutionGuid = {C8C3BCE8-E3E0-4262-9F15-075FAB361868}
	EndGlobalSection
EndGlobal
