Microsoft Visual Studio Solution File, Format Version 12.00
#
Project("{2150E333-8FDC-42A3-9474-1A3956D46DE8}") = "Solution Items", "Solution Items", "{B283EBC2-E01F-412D-9339-FD56EF114549}"
	ProjectSection(SolutionItems) = preProject
		..\..\..\..\Packages\Versions.props = ..\..\..\..\Packages\Versions.props
		..\..\..\..\Packages\Versions.Local.json = ..\..\..\..\Packages\Versions.Local.json
		..\..\..\..\Packages\Versions.Local.props = ..\..\..\..\Packages\Versions.Local.props
		..\..\..\..\Packages\Packages.pkgs = ..\..\..\..\Packages\Packages.pkgs
		..\..\..\..\Packages\Packages\AnyOf.pkgs = ..\..\..\..\Packages\Packages\AnyOf.pkgs
		..\..\..\..\Packages\Packages\APIVersioning.pkgs = ..\..\..\..\Packages\Packages\APIVersioning.pkgs
		..\..\..\..\Packages\Packages\AutoMapper.pkgs = ..\..\..\..\Packages\Packages\AutoMapper.pkgs
		..\..\..\..\Packages\Packages\Azure.pkgs = ..\..\..\..\Packages\Packages\Azure.pkgs
		..\..\..\..\Packages\Packages\AzureFunctions.pkgs = ..\..\..\..\Packages\Packages\AzureFunctions.pkgs
		..\..\..\..\Packages\Packages\DDD.pkgs = ..\..\..\..\Packages\Packages\DDD.pkgs
		..\..\..\..\Packages\Packages\GlobalBuild.pkgs = ..\..\..\..\Packages\Packages\GlobalBuild.pkgs
		..\..\..\..\Packages\Packages\Images.pkgs = ..\..\..\..\Packages\Packages\Images.pkgs
		..\..\..\..\Packages\Packages\McMaster.CommandLineUtils.pkgs = ..\..\..\..\Packages\Packages\McMaster.CommandLineUtils.pkgs
		..\..\..\..\Packages\Packages\MediatR.pkgs = ..\..\..\..\Packages\Packages\MediatR.pkgs
		..\..\..\..\Packages\Packages\Microsoft.AspNetCore.pkgs = ..\..\..\..\Packages\Packages\Microsoft.AspNetCore.pkgs
		..\..\..\..\Packages\Packages\Microsoft.EntityFrameworkCore.pkgs = ..\..\..\..\Packages\Packages\Microsoft.EntityFrameworkCore.pkgs
		..\..\..\..\Packages\Packages\Microsoft.Extensions.pkgs = ..\..\..\..\Packages\Packages\Microsoft.Extensions.pkgs
		..\..\..\..\Packages\Packages\Microsoft.Identity.pkgs = ..\..\..\..\Packages\Packages\Microsoft.Identity.pkgs
		..\..\..\..\Packages\Packages\Microsoft.VisualStudio.Shell.Interop.pkgs = ..\..\..\..\Packages\Packages\Microsoft.VisualStudio.Shell.Interop.pkgs
		..\..\..\..\Packages\Packages\Miscellany.pkgs = ..\..\..\..\Packages\Packages\Miscellany.pkgs
		..\..\..\..\Packages\Packages\MSBuild.pkgs = ..\..\..\..\Packages\Packages\MSBuild.pkgs
		..\..\..\..\Packages\Packages\MSBuildProjectCreator.pkgs = ..\..\..\..\Packages\Packages\MSBuildProjectCreator.pkgs
		..\..\..\..\Packages\Packages\MSBuildSdks.pkgs = ..\..\..\..\Packages\Packages\MSBuildSdks.pkgs
		..\..\..\..\Packages\Packages\Newtonsoft.Json.pkgs = ..\..\..\..\Packages\Packages\Newtonsoft.Json.pkgs
		..\..\..\..\Packages\Packages\NuGet.pkgs = ..\..\..\..\Packages\Packages\NuGet.pkgs
		..\..\..\..\Packages\Packages\Powershell.pkgs = ..\..\..\..\Packages\Packages\Powershell.pkgs
		..\..\..\..\Packages\Packages\Roslyn.pkgs = ..\..\..\..\Packages\Packages\Roslyn.pkgs
		..\..\..\..\Packages\Packages\Serilog.pkgs = ..\..\..\..\Packages\Packages\Serilog.pkgs
		..\..\..\..\Packages\Packages\SlnGen.pkgs = ..\..\..\..\Packages\Packages\SlnGen.pkgs
		..\..\..\..\Packages\Packages\Swashbuckle.pkgs = ..\..\..\..\Packages\Packages\Swashbuckle.pkgs
		..\..\..\..\Packages\Packages\System.pkgs = ..\..\..\..\Packages\Packages\System.pkgs
		..\..\..\..\Packages\Packages\Telegram.pkgs = ..\..\..\..\Packages\Packages\Telegram.pkgs
		..\..\..\..\Packages\Packages\Testing.EfCore.pkgs = ..\..\..\..\Packages\Packages\Testing.EfCore.pkgs
		..\..\..\..\Packages\Packages\Testing.pkgs = ..\..\..\..\Packages\Packages\Testing.pkgs
		..\..\..\..\Packages\Packages\ThisAssembly.pkgs = ..\..\..\..\Packages\Packages\ThisAssembly.pkgs
		..\..\..\..\Packages\Packages\Validation.pkgs = ..\..\..\..\Packages\Packages\Validation.pkgs
		..\..\..\..\Packages\Packages\XmlDocMd.pkgs = ..\..\..\..\Packages\Packages\XmlDocMd.pkgs
		..\..\..\..\Packages\Versions\AspNetCoreIdentity.props = ..\..\..\..\Packages\Versions\AspNetCoreIdentity.props
		..\..\..\..\Packages\Versions\AutoMapper.props = ..\..\..\..\Packages\Versions\AutoMapper.props
		..\..\..\..\Packages\Versions\CoreIntegratedLibs.props = ..\..\..\..\Packages\Versions\CoreIntegratedLibs.props
		..\..\..\..\Packages\Versions\EFCore.props = ..\..\..\..\Packages\Versions\EFCore.props
		..\..\..\..\Packages\Versions\JsonPatch.props = ..\..\..\..\Packages\Versions\JsonPatch.props
		..\..\..\..\Packages\Versions\MediatR.props = ..\..\..\..\Packages\Versions\MediatR.props
		..\..\..\..\Packages\Versions\Microsoft.Build.props = ..\..\..\..\Packages\Versions\Microsoft.Build.props
		..\..\..\..\Packages\Versions\Microsoft.CodeAnalysis.props = ..\..\..\..\Packages\Versions\Microsoft.CodeAnalysis.props
		..\..\..\..\Packages\Versions\Microsoft.Extensions.Logging.props = ..\..\..\..\Packages\Versions\Microsoft.Extensions.Logging.props
		..\..\..\..\Packages\Versions\PowerShell.props = ..\..\..\..\Packages\Versions\PowerShell.props
	EndProjectSection
EndProject
Project("{FAE04EC0-301F-11D3-BF4B-00C04F79EFBC}") = "Telegram.Models", "Telegram.Models.csproj", "{30A93B5D-8E56-4E9A-8CAB-7DD9E166506E}"
EndProject
Global
	GlobalSection(SolutionConfigurationPlatforms) = preSolution
		Debug|Any CPU = Debug|Any CPU
		Debug|x64 = Debug|x64
		Debug|x86 = Debug|x86
		Release|Any CPU = Release|Any CPU
		Release|x64 = Release|x64
		Release|x86 = Release|x86
	EndGlobalSection
	GlobalSection(ProjectConfigurationPlatforms) = postSolution
		{30A93B5D-8E56-4E9A-8CAB-7DD9E166506E}.Debug|Any CPU.ActiveCfg = Debug|Any CPU
		{30A93B5D-8E56-4E9A-8CAB-7DD9E166506E}.Debug|Any CPU.Build.0 = Debug|Any CPU
		{30A93B5D-8E56-4E9A-8CAB-7DD9E166506E}.Debug|x64.ActiveCfg = Debug|Any CPU
		{30A93B5D-8E56-4E9A-8CAB-7DD9E166506E}.Debug|x64.Build.0 = Debug|Any CPU
		{30A93B5D-8E56-4E9A-8CAB-7DD9E166506E}.Debug|x86.ActiveCfg = Debug|Any CPU
		{30A93B5D-8E56-4E9A-8CAB-7DD9E166506E}.Debug|x86.Build.0 = Debug|Any CPU
		{30A93B5D-8E56-4E9A-8CAB-7DD9E166506E}.Release|Any CPU.ActiveCfg = Release|Any CPU
		{30A93B5D-8E56-4E9A-8CAB-7DD9E166506E}.Release|Any CPU.Build.0 = Release|Any CPU
		{30A93B5D-8E56-4E9A-8CAB-7DD9E166506E}.Release|x64.ActiveCfg = Release|Any CPU
		{30A93B5D-8E56-4E9A-8CAB-7DD9E166506E}.Release|x64.Build.0 = Release|Any CPU
		{30A93B5D-8E56-4E9A-8CAB-7DD9E166506E}.Release|x86.ActiveCfg = Release|Any CPU
		{30A93B5D-8E56-4E9A-8CAB-7DD9E166506E}.Release|x86.Build.0 = Release|Any CPU
	EndGlobalSection
	GlobalSection(SolutionProperties) = preSolution
		HideSolutionNode = FALSE
	EndGlobalSection
	GlobalSection(ExtensibilityGlobals) = postSolution
		SolutionGuid = {16C56B43-0D77-44F1-B6C7-BA28289EA71B}
	EndGlobalSection
EndGlobal
